// !$*UTF8*$!
{
	archiveVersion = 1;
	classes = {
	};
	objectVersion = 51;
	objects = {

/* Begin PBXBuildFile section */
		33F2837CAAB91E2DD6A852E1 /* Pods_CHUGGRTests.framework in Frameworks */ = {isa = PBXBuildFile; fileRef = 5D648B058C51D7AD3E6E0249 /* Pods_CHUGGRTests.framework */; };
		650371F8257AD2B700F59D95 /* BetEntryCellViewModel.swift in Sources */ = {isa = PBXBuildFile; fileRef = 650371F7257AD2B700F59D95 /* BetEntryCellViewModel.swift */; };
		650E7AD925A3F54C00D5F081 /* FirestoreHelping.swift in Sources */ = {isa = PBXBuildFile; fileRef = 650E7AD825A3F54C00D5F081 /* FirestoreHelping.swift */; };
		650E7ADF25A4033600D5F081 /* MockFirestoreHelper.swift in Sources */ = {isa = PBXBuildFile; fileRef = 650E7ADE25A4033600D5F081 /* MockFirestoreHelper.swift */; };
		6511DCAD258AE6350009A9F6 /* FriendSnippet.swift in Sources */ = {isa = PBXBuildFile; fileRef = 6511DCAC258AE6350009A9F6 /* FriendSnippet.swift */; };
		6533F266256859C5002524B3 /* ParentCoordinating.swift in Sources */ = {isa = PBXBuildFile; fileRef = 6533F265256859C5002524B3 /* ParentCoordinating.swift */; };
		6535F503256F479F00C5FC72 /* BetEntryCell.swift in Sources */ = {isa = PBXBuildFile; fileRef = 6535F501256F479F00C5FC72 /* BetEntryCell.swift */; };
		6535F504256F479F00C5FC72 /* BetEntryCell.xib in Resources */ = {isa = PBXBuildFile; fileRef = 6535F502256F479F00C5FC72 /* BetEntryCell.xib */; };
		6536EF0625AD3CFD008AF0F1 /* BetCellViewModelTests.swift in Sources */ = {isa = PBXBuildFile; fileRef = 6536EF0525AD3CFD008AF0F1 /* BetCellViewModelTests.swift */; };
		6536EF0B25AE6970008AF0F1 /* PendingBetsViewModelTests.swift in Sources */ = {isa = PBXBuildFile; fileRef = 6536EF0A25AE6970008AF0F1 /* PendingBetsViewModelTests.swift */; };
		6536EF1025AE7966008AF0F1 /* TestingData.swift in Sources */ = {isa = PBXBuildFile; fileRef = 6536EF0F25AE7966008AF0F1 /* TestingData.swift */; };
		6536EF1525AE7DB3008AF0F1 /* FriendsViewModelTests.swift in Sources */ = {isa = PBXBuildFile; fileRef = 6536EF1425AE7DB3008AF0F1 /* FriendsViewModelTests.swift */; };
		6537BC272583054200880C2B /* WelcomeViewModel.swift in Sources */ = {isa = PBXBuildFile; fileRef = 6537BC262583054200880C2B /* WelcomeViewModel.swift */; };
		6537BC312583135200880C2B /* UserDetailEntryViewController.swift in Sources */ = {isa = PBXBuildFile; fileRef = 6537BC2F2583135200880C2B /* UserDetailEntryViewController.swift */; };
		6537BC322583135200880C2B /* UserDetailEntryView.xib in Resources */ = {isa = PBXBuildFile; fileRef = 6537BC302583135200880C2B /* UserDetailEntryView.xib */; };
		6537BC372583138200880C2B /* UserDetailEntryViewModel.swift in Sources */ = {isa = PBXBuildFile; fileRef = 6537BC362583138200880C2B /* UserDetailEntryViewModel.swift */; };
		6537BC3D2583143700880C2B /* UserDetailEntryCell.swift in Sources */ = {isa = PBXBuildFile; fileRef = 6537BC3B2583143700880C2B /* UserDetailEntryCell.swift */; };
		6537BC3E2583143700880C2B /* UserDetailEntryCell.xib in Resources */ = {isa = PBXBuildFile; fileRef = 6537BC3C2583143700880C2B /* UserDetailEntryCell.xib */; };
		6537BC462583145200880C2B /* UserDetailEntryCellViewModel.swift in Sources */ = {isa = PBXBuildFile; fileRef = 6537BC452583145200880C2B /* UserDetailEntryCellViewModel.swift */; };
		653AFE3C2591BA240033614F /* ProfileTableDataSource.swift in Sources */ = {isa = PBXBuildFile; fileRef = 653AFE3B2591BA240033614F /* ProfileTableDataSource.swift */; };
		654AC028257740A900AEBADF /* NewBetViewModel.swift in Sources */ = {isa = PBXBuildFile; fileRef = 654AC027257740A900AEBADF /* NewBetViewModel.swift */; };
		65543D0A25772B7100B8C549 /* StakeEntryCell.swift in Sources */ = {isa = PBXBuildFile; fileRef = 65543D0825772B7100B8C549 /* StakeEntryCell.swift */; };
		65543D0B25772B7100B8C549 /* StakeEntryCell.xib in Resources */ = {isa = PBXBuildFile; fileRef = 65543D0925772B7100B8C549 /* StakeEntryCell.xib */; };
		65578765256DD33600FC23FC /* FriendsCoordinator.swift in Sources */ = {isa = PBXBuildFile; fileRef = 65578764256DD33600FC23FC /* FriendsCoordinator.swift */; };
		6557876D256DD45200FC23FC /* NewBetsCoordinator.swift in Sources */ = {isa = PBXBuildFile; fileRef = 6557876C256DD45100FC23FC /* NewBetsCoordinator.swift */; };
		65578772256DD4BC00FC23FC /* VideosCoordinator.swift in Sources */ = {isa = PBXBuildFile; fileRef = 65578771256DD4BC00FC23FC /* VideosCoordinator.swift */; };
		6563F92525843F3F00DE69EC /* ProfileViewController.swift in Sources */ = {isa = PBXBuildFile; fileRef = 6563F92325843F3F00DE69EC /* ProfileViewController.swift */; };
		6563F92625843F3F00DE69EC /* BetDetailView.xib in Resources */ = {isa = PBXBuildFile; fileRef = 6563F92425843F3F00DE69EC /* BetDetailView.xib */; };
		6563F92B25843FCF00DE69EC /* ProfileViewModel.swift in Sources */ = {isa = PBXBuildFile; fileRef = 6563F92A25843FCF00DE69EC /* ProfileViewModel.swift */; };
		6563F93025844DC800DE69EC /* WelcomeView.xib in Resources */ = {isa = PBXBuildFile; fileRef = 6563F92F25844DC800DE69EC /* WelcomeView.xib */; };
		65650A3B25686C6E00812395 /* MainCoordinator.swift in Sources */ = {isa = PBXBuildFile; fileRef = 65650A3A25686C6E00812395 /* MainCoordinator.swift */; };
		65650A402568709900812395 /* ChildCoordinating.swift in Sources */ = {isa = PBXBuildFile; fileRef = 65650A3F2568709900812395 /* ChildCoordinating.swift */; };
		656ABCEE25A691AF00EA38A1 /* BetDetailViewModelTests.swift in Sources */ = {isa = PBXBuildFile; fileRef = 656ABCED25A691AF00EA38A1 /* BetDetailViewModelTests.swift */; };
		656D944C252BF5FE00EDEB7F /* AppDelegate.swift in Sources */ = {isa = PBXBuildFile; fileRef = 656D944B252BF5FE00EDEB7F /* AppDelegate.swift */; };
		656D944E252BF5FE00EDEB7F /* SceneDelegate.swift in Sources */ = {isa = PBXBuildFile; fileRef = 656D944D252BF5FE00EDEB7F /* SceneDelegate.swift */; };
		656D9450252BF5FE00EDEB7F /* WelcomeViewController.swift in Sources */ = {isa = PBXBuildFile; fileRef = 656D944F252BF5FE00EDEB7F /* WelcomeViewController.swift */; };
		656D9458252BF60100EDEB7F /* Assets.xcassets in Resources */ = {isa = PBXBuildFile; fileRef = 656D9457252BF60100EDEB7F /* Assets.xcassets */; };
		656D945B252BF60100EDEB7F /* LaunchScreen.storyboard in Resources */ = {isa = PBXBuildFile; fileRef = 656D9459252BF60100EDEB7F /* LaunchScreen.storyboard */; };
		656D9466252BF60100EDEB7F /* CHUGGRTests.swift in Sources */ = {isa = PBXBuildFile; fileRef = 656D9465252BF60100EDEB7F /* CHUGGRTests.swift */; };
		656D9471252BF60100EDEB7F /* CHUGGRUITests.swift in Sources */ = {isa = PBXBuildFile; fileRef = 656D9470252BF60100EDEB7F /* CHUGGRUITests.swift */; };
		656D9482252BF6E200EDEB7F /* GoogleService-Info.plist in Resources */ = {isa = PBXBuildFile; fileRef = 656D9481252BF6E100EDEB7F /* GoogleService-Info.plist */; };
		657D95AD25929AC20065187A /* Tab.swift in Sources */ = {isa = PBXBuildFile; fileRef = 657D95AC25929AC20065187A /* Tab.swift */; };
		657D95B22592AC990065187A /* Tondu_Beta.ttf in Resources */ = {isa = PBXBuildFile; fileRef = 657D95B12592AC990065187A /* Tondu_Beta.ttf */; };
		657D95B72592AE950065187A /* Superstar M54.ttf in Resources */ = {isa = PBXBuildFile; fileRef = 657D95B62592AE940065187A /* Superstar M54.ttf */; };
		657F169D25AED63A00D5C500 /* AddFriendViewModelTests.swift in Sources */ = {isa = PBXBuildFile; fileRef = 657F169C25AED63A00D5C500 /* AddFriendViewModelTests.swift */; };
		657F16A225AFC7C100D5C500 /* FriendDetailViewModelTests.swift in Sources */ = {isa = PBXBuildFile; fileRef = 657F16A125AFC7C100D5C500 /* FriendDetailViewModelTests.swift */; };
		6589D59725A53D5200D2E666 /* UserDetailEntryViewModelTests.swift in Sources */ = {isa = PBXBuildFile; fileRef = 6589D59625A53D5200D2E666 /* UserDetailEntryViewModelTests.swift */; };
		658F11262532747F003B6303 /* MessageCell.swift in Sources */ = {isa = PBXBuildFile; fileRef = 658F11242532747F003B6303 /* MessageCell.swift */; };
		658F11272532747F003B6303 /* MessageCell.xib in Resources */ = {isa = PBXBuildFile; fileRef = 658F11252532747F003B6303 /* MessageCell.xib */; };
		658F112F25327B2C003B6303 /* Message.swift in Sources */ = {isa = PBXBuildFile; fileRef = 658F112E25327B2C003B6303 /* Message.swift */; };
		65989AE92592B660007FFBBA /* MessageCellViewModel.swift in Sources */ = {isa = PBXBuildFile; fileRef = 65989AE82592B660007FFBBA /* MessageCellViewModel.swift */; };
		659DCB6D252E9A57009D330E /* BetCell.swift in Sources */ = {isa = PBXBuildFile; fileRef = 659DCB6B252E9A57009D330E /* BetCell.swift */; };
		659DCB6E252E9A57009D330E /* BetCell.xib in Resources */ = {isa = PBXBuildFile; fileRef = 659DCB6C252E9A57009D330E /* BetCell.xib */; };
		659DCB76252E9AD3009D330E /* Constants.swift in Sources */ = {isa = PBXBuildFile; fileRef = 659DCB75252E9AD3009D330E /* Constants.swift */; };
		65AF9BE32585995800FA96F2 /* BetModelTests.swift in Sources */ = {isa = PBXBuildFile; fileRef = 65AF9BE22585995800FA96F2 /* BetModelTests.swift */; };
		65B13FFA258AB41F0004FFCB /* FriendDetailViewController.swift in Sources */ = {isa = PBXBuildFile; fileRef = 65B13FF8258AB41F0004FFCB /* FriendDetailViewController.swift */; };
		65B13FFB258AB41F0004FFCB /* FriendDetailView.xib in Resources */ = {isa = PBXBuildFile; fileRef = 65B13FF9258AB41F0004FFCB /* FriendDetailView.xib */; };
		65B14006258AB7760004FFCB /* FriendDetailViewModel.swift in Sources */ = {isa = PBXBuildFile; fileRef = 65B14005258AB7760004FFCB /* FriendDetailViewModel.swift */; };
		65B3D7AB258C6C6C008F274A /* FriendInviteViewController.swift in Sources */ = {isa = PBXBuildFile; fileRef = 65B3D7A9258C6C6C008F274A /* FriendInviteViewController.swift */; };
		65B3D7AC258C6C6C008F274A /* FriendInviteView.xib in Resources */ = {isa = PBXBuildFile; fileRef = 65B3D7AA258C6C6C008F274A /* FriendInviteView.xib */; };
		65B3D7B1258C6C9A008F274A /* FriendInviteViewModel.swift in Sources */ = {isa = PBXBuildFile; fileRef = 65B3D7B0258C6C9A008F274A /* FriendInviteViewModel.swift */; };
		65B3D7BE258C766F008F274A /* InviteCell.swift in Sources */ = {isa = PBXBuildFile; fileRef = 65B3D7BC258C766F008F274A /* InviteCell.swift */; };
		65B3D7BF258C766F008F274A /* InviteCell.xib in Resources */ = {isa = PBXBuildFile; fileRef = 65B3D7BD258C766F008F274A /* InviteCell.xib */; };
		65B3D7C4258C7677008F274A /* InviteCellViewModel.swift in Sources */ = {isa = PBXBuildFile; fileRef = 65B3D7C3258C7677008F274A /* InviteCellViewModel.swift */; };
		65BBCD0B258F3D66004BBB40 /* PendingBetsViewController.swift in Sources */ = {isa = PBXBuildFile; fileRef = 65BBCD09258F3D66004BBB40 /* PendingBetsViewController.swift */; };
		65BBCD0C258F3D66004BBB40 /* PendingBetsView.xib in Resources */ = {isa = PBXBuildFile; fileRef = 65BBCD0A258F3D66004BBB40 /* PendingBetsView.xib */; };
		65BBCD14258F3D7A004BBB40 /* PendingBetsViewModel.swift in Sources */ = {isa = PBXBuildFile; fileRef = 65BBCD13258F3D7A004BBB40 /* PendingBetsViewModel.swift */; };
		65C237FD256EF82B001EA95D /* NewBetViewController.swift in Sources */ = {isa = PBXBuildFile; fileRef = 65C237FC256EF82B001EA95D /* NewBetViewController.swift */; };
		65C23805256EFAA3001EA95D /* HairlineView.swift in Sources */ = {isa = PBXBuildFile; fileRef = 65C23804256EFAA3001EA95D /* HairlineView.swift */; };
		65C681F52585DF8F003160F0 /* BetsView.xib in Resources */ = {isa = PBXBuildFile; fileRef = 65C681F42585DF8F003160F0 /* BetsView.xib */; };
		65C681FA2585E022003160F0 /* BetsViewModel.swift in Sources */ = {isa = PBXBuildFile; fileRef = 65C681F92585E022003160F0 /* BetsViewModel.swift */; };
		65C682022585E111003160F0 /* NewBetView.xib in Resources */ = {isa = PBXBuildFile; fileRef = 65C682012585E111003160F0 /* NewBetView.xib */; };
		65C6820B2585E29D003160F0 /* FriendsViewController.swift in Sources */ = {isa = PBXBuildFile; fileRef = 65C682092585E29D003160F0 /* FriendsViewController.swift */; };
		65C6820C2585E29D003160F0 /* FriendsViewController.xib in Resources */ = {isa = PBXBuildFile; fileRef = 65C6820A2585E29D003160F0 /* FriendsViewController.xib */; };
		65C682112585E2AE003160F0 /* FriendsViewModel.swift in Sources */ = {isa = PBXBuildFile; fileRef = 65C682102585E2AE003160F0 /* FriendsViewModel.swift */; };
		65C6821A2585E334003160F0 /* VideosViewController.swift in Sources */ = {isa = PBXBuildFile; fileRef = 65C682182585E334003160F0 /* VideosViewController.swift */; };
		65C6821B2585E334003160F0 /* VideosViewController.xib in Resources */ = {isa = PBXBuildFile; fileRef = 65C682192585E334003160F0 /* VideosViewController.xib */; };
		65C682202585E356003160F0 /* VideosViewModel.swift in Sources */ = {isa = PBXBuildFile; fileRef = 65C6821F2585E356003160F0 /* VideosViewModel.swift */; };
		65C6E3FB257EE30F00EA7AA4 /* UITextField+DoneToolbar.swift in Sources */ = {isa = PBXBuildFile; fileRef = 65C6E3FA257EE30F00EA7AA4 /* UITextField+DoneToolbar.swift */; };
		65C6E400257EE5AC00EA7AA4 /* UIViewController+DismissKeyboard.swift in Sources */ = {isa = PBXBuildFile; fileRef = 65C6E3FF257EE5AC00EA7AA4 /* UIViewController+DismissKeyboard.swift */; };
		65C6E409257F408600EA7AA4 /* FirestoreHelper.swift in Sources */ = {isa = PBXBuildFile; fileRef = 65C6E408257F408600EA7AA4 /* FirestoreHelper.swift */; };
		65C97625256C4EF800AA46BA /* BetsCoordinator.swift in Sources */ = {isa = PBXBuildFile; fileRef = 65C97624256C4EF800AA46BA /* BetsCoordinator.swift */; };
		65CA8D7025A9195000E11E5B /* WelcomeViewModelTests.swift in Sources */ = {isa = PBXBuildFile; fileRef = 65CA8D6F25A9195000E11E5B /* WelcomeViewModelTests.swift */; };
		65CA8D7525A9233200E11E5B /* MessageCellViewModelTests.swift in Sources */ = {isa = PBXBuildFile; fileRef = 65CA8D7425A9233200E11E5B /* MessageCellViewModelTests.swift */; };
		65CA8D7A25A93A3100E11E5B /* BetsViewModelTests.swift in Sources */ = {isa = PBXBuildFile; fileRef = 65CA8D7925A93A3100E11E5B /* BetsViewModelTests.swift */; };
		65D18D972580266F00E562C1 /* BetDetailViewModel.swift in Sources */ = {isa = PBXBuildFile; fileRef = 65D18D962580266F00E562C1 /* BetDetailViewModel.swift */; };
		65D18DAD258053EC00E562C1 /* Drinks.swift in Sources */ = {isa = PBXBuildFile; fileRef = 65D18DAC258053EC00E562C1 /* Drinks.swift */; };
		65D34C20252CF494005C6F98 /* BetsViewController.swift in Sources */ = {isa = PBXBuildFile; fileRef = 65D34C1F252CF494005C6F98 /* BetsViewController.swift */; };
		65D6ECAE258B354A00E0A720 /* Friend.swift in Sources */ = {isa = PBXBuildFile; fileRef = 65D6ECAD258B354A00E0A720 /* Friend.swift */; };
		65E6F787256C5A2400252974 /* ProfileCoordinator.swift in Sources */ = {isa = PBXBuildFile; fileRef = 65E6F786256C5A2400252974 /* ProfileCoordinator.swift */; };
		65E947F62589791200A71365 /* BetsTableDataSource.swift in Sources */ = {isa = PBXBuildFile; fileRef = 65E947F52589791200A71365 /* BetsTableDataSource.swift */; };
		65E948282589A4C800A71365 /* AddFriendViewController.swift in Sources */ = {isa = PBXBuildFile; fileRef = 65E948262589A4C800A71365 /* AddFriendViewController.swift */; };
		65E948292589A4C800A71365 /* AddFriendView.xib in Resources */ = {isa = PBXBuildFile; fileRef = 65E948272589A4C800A71365 /* AddFriendView.xib */; };
		65E9482E2589A4E200A71365 /* AddFriendViewModel.swift in Sources */ = {isa = PBXBuildFile; fileRef = 65E9482D2589A4E200A71365 /* AddFriendViewModel.swift */; };
		65E948442589E43900A71365 /* FriendCell.swift in Sources */ = {isa = PBXBuildFile; fileRef = 65E948422589E43900A71365 /* FriendCell.swift */; };
		65E948452589E43900A71365 /* FriendCell.xib in Resources */ = {isa = PBXBuildFile; fileRef = 65E948432589E43900A71365 /* FriendCell.xib */; };
		65E9484A2589E44900A71365 /* FriendCellViewModel.swift in Sources */ = {isa = PBXBuildFile; fileRef = 65E948492589E44900A71365 /* FriendCellViewModel.swift */; };
		65EBC1132586FD58009FE754 /* BetCellViewModel.swift in Sources */ = {isa = PBXBuildFile; fileRef = 65EBC1122586FD58009FE754 /* BetCellViewModel.swift */; };
		65F4029B252EA103007892F8 /* Bet.swift in Sources */ = {isa = PBXBuildFile; fileRef = 65F4029A252EA103007892F8 /* Bet.swift */; };
		65F563722585C21B00033E3E /* ProfileView.xib in Resources */ = {isa = PBXBuildFile; fileRef = 65F563712585C21B00033E3E /* ProfileView.xib */; };
		65F69D8E257B2D5000CE7371 /* UITextField+InputView.swift in Sources */ = {isa = PBXBuildFile; fileRef = 65F69D8D257B2D5000CE7371 /* UITextField+InputView.swift */; };
		65F69D98257B2EFF00CE7371 /* DateEntryCell.swift in Sources */ = {isa = PBXBuildFile; fileRef = 65F69D96257B2EFF00CE7371 /* DateEntryCell.swift */; };
		65F69D99257B2EFF00CE7371 /* DateEntryCell.xib in Resources */ = {isa = PBXBuildFile; fileRef = 65F69D97257B2EFF00CE7371 /* DateEntryCell.xib */; };
		65FBCBC1253257CE00227121 /* BetDetailViewController.swift in Sources */ = {isa = PBXBuildFile; fileRef = 65FBCBC0253257CE00227121 /* BetDetailViewController.swift */; };
		65FCE6DF2569BB930066BDC5 /* User.swift in Sources */ = {isa = PBXBuildFile; fileRef = 65FCE6DE2569BB930066BDC5 /* User.swift */; };
		65FCE6ED256B35530066BDC5 /* MainTabBarController.swift in Sources */ = {isa = PBXBuildFile; fileRef = 65FCE6EB256B35530066BDC5 /* MainTabBarController.swift */; };
		65FD451A2581D94100481F50 /* CurrentUser.swift in Sources */ = {isa = PBXBuildFile; fileRef = 65FD45192581D94100481F50 /* CurrentUser.swift */; };
		65FD45222581EDE900481F50 /* FullFriend.swift in Sources */ = {isa = PBXBuildFile; fileRef = 65FD45212581EDE900481F50 /* FullFriend.swift */; };
		65FF28DC258D629100F0BB66 /* FriendInviteDataSource.swift in Sources */ = {isa = PBXBuildFile; fileRef = 65FF28DB258D629100F0BB66 /* FriendInviteDataSource.swift */; };
		C8D113C094F567575BDCF233 /* Pods_CHUGGR_CHUGGRUITests.framework in Frameworks */ = {isa = PBXBuildFile; fileRef = C485606B2FBFA81584C54A66 /* Pods_CHUGGR_CHUGGRUITests.framework */; };
		E95618B520BB3301EB30C468 /* Pods_CHUGGR.framework in Frameworks */ = {isa = PBXBuildFile; fileRef = B1F648C6629D8F16889A4446 /* Pods_CHUGGR.framework */; };
/* End PBXBuildFile section */

/* Begin PBXContainerItemProxy section */
		656D9462252BF60100EDEB7F /* PBXContainerItemProxy */ = {
			isa = PBXContainerItemProxy;
			containerPortal = 656D9440252BF5FE00EDEB7F /* Project object */;
			proxyType = 1;
			remoteGlobalIDString = 656D9447252BF5FE00EDEB7F;
			remoteInfo = CHUGGR;
		};
		656D946D252BF60100EDEB7F /* PBXContainerItemProxy */ = {
			isa = PBXContainerItemProxy;
			containerPortal = 656D9440252BF5FE00EDEB7F /* Project object */;
			proxyType = 1;
			remoteGlobalIDString = 656D9447252BF5FE00EDEB7F;
			remoteInfo = CHUGGR;
		};
/* End PBXContainerItemProxy section */

/* Begin PBXFileReference section */
		5CE5F6A2FF71B1062949620C /* Pods-CHUGGR.release.xcconfig */ = {isa = PBXFileReference; includeInIndex = 1; lastKnownFileType = text.xcconfig; name = "Pods-CHUGGR.release.xcconfig"; path = "Target Support Files/Pods-CHUGGR/Pods-CHUGGR.release.xcconfig"; sourceTree = "<group>"; };
		5D648B058C51D7AD3E6E0249 /* Pods_CHUGGRTests.framework */ = {isa = PBXFileReference; explicitFileType = wrapper.framework; includeInIndex = 0; path = Pods_CHUGGRTests.framework; sourceTree = BUILT_PRODUCTS_DIR; };
		650371F7257AD2B700F59D95 /* BetEntryCellViewModel.swift */ = {isa = PBXFileReference; lastKnownFileType = sourcecode.swift; path = BetEntryCellViewModel.swift; sourceTree = "<group>"; };
		650E7AD825A3F54C00D5F081 /* FirestoreHelping.swift */ = {isa = PBXFileReference; lastKnownFileType = sourcecode.swift; path = FirestoreHelping.swift; sourceTree = "<group>"; };
		650E7ADE25A4033600D5F081 /* MockFirestoreHelper.swift */ = {isa = PBXFileReference; lastKnownFileType = sourcecode.swift; path = MockFirestoreHelper.swift; sourceTree = "<group>"; };
		6511DCAC258AE6350009A9F6 /* FriendSnippet.swift */ = {isa = PBXFileReference; lastKnownFileType = sourcecode.swift; path = FriendSnippet.swift; sourceTree = "<group>"; };
		6533F265256859C5002524B3 /* ParentCoordinating.swift */ = {isa = PBXFileReference; lastKnownFileType = sourcecode.swift; path = ParentCoordinating.swift; sourceTree = "<group>"; };
		6535F501256F479F00C5FC72 /* BetEntryCell.swift */ = {isa = PBXFileReference; lastKnownFileType = sourcecode.swift; path = BetEntryCell.swift; sourceTree = "<group>"; };
		6535F502256F479F00C5FC72 /* BetEntryCell.xib */ = {isa = PBXFileReference; lastKnownFileType = file.xib; path = BetEntryCell.xib; sourceTree = "<group>"; };
		6536EF0525AD3CFD008AF0F1 /* BetCellViewModelTests.swift */ = {isa = PBXFileReference; lastKnownFileType = sourcecode.swift; path = BetCellViewModelTests.swift; sourceTree = "<group>"; };
		6536EF0A25AE6970008AF0F1 /* PendingBetsViewModelTests.swift */ = {isa = PBXFileReference; lastKnownFileType = sourcecode.swift; path = PendingBetsViewModelTests.swift; sourceTree = "<group>"; };
		6536EF0F25AE7966008AF0F1 /* TestingData.swift */ = {isa = PBXFileReference; lastKnownFileType = sourcecode.swift; path = TestingData.swift; sourceTree = "<group>"; };
		6536EF1425AE7DB3008AF0F1 /* FriendsViewModelTests.swift */ = {isa = PBXFileReference; lastKnownFileType = sourcecode.swift; path = FriendsViewModelTests.swift; sourceTree = "<group>"; };
		6537BC262583054200880C2B /* WelcomeViewModel.swift */ = {isa = PBXFileReference; lastKnownFileType = sourcecode.swift; path = WelcomeViewModel.swift; sourceTree = "<group>"; };
		6537BC2F2583135200880C2B /* UserDetailEntryViewController.swift */ = {isa = PBXFileReference; lastKnownFileType = sourcecode.swift; path = UserDetailEntryViewController.swift; sourceTree = "<group>"; };
		6537BC302583135200880C2B /* UserDetailEntryView.xib */ = {isa = PBXFileReference; lastKnownFileType = file.xib; path = UserDetailEntryView.xib; sourceTree = "<group>"; };
		6537BC362583138200880C2B /* UserDetailEntryViewModel.swift */ = {isa = PBXFileReference; lastKnownFileType = sourcecode.swift; path = UserDetailEntryViewModel.swift; sourceTree = "<group>"; };
		6537BC3B2583143700880C2B /* UserDetailEntryCell.swift */ = {isa = PBXFileReference; lastKnownFileType = sourcecode.swift; path = UserDetailEntryCell.swift; sourceTree = "<group>"; };
		6537BC3C2583143700880C2B /* UserDetailEntryCell.xib */ = {isa = PBXFileReference; lastKnownFileType = file.xib; path = UserDetailEntryCell.xib; sourceTree = "<group>"; };
		6537BC452583145200880C2B /* UserDetailEntryCellViewModel.swift */ = {isa = PBXFileReference; lastKnownFileType = sourcecode.swift; path = UserDetailEntryCellViewModel.swift; sourceTree = "<group>"; };
		653AFE3B2591BA240033614F /* ProfileTableDataSource.swift */ = {isa = PBXFileReference; lastKnownFileType = sourcecode.swift; path = ProfileTableDataSource.swift; sourceTree = "<group>"; };
		654AC027257740A900AEBADF /* NewBetViewModel.swift */ = {isa = PBXFileReference; lastKnownFileType = sourcecode.swift; path = NewBetViewModel.swift; sourceTree = "<group>"; };
		65543D0825772B7100B8C549 /* StakeEntryCell.swift */ = {isa = PBXFileReference; lastKnownFileType = sourcecode.swift; path = StakeEntryCell.swift; sourceTree = "<group>"; };
		65543D0925772B7100B8C549 /* StakeEntryCell.xib */ = {isa = PBXFileReference; lastKnownFileType = file.xib; path = StakeEntryCell.xib; sourceTree = "<group>"; };
		65578764256DD33600FC23FC /* FriendsCoordinator.swift */ = {isa = PBXFileReference; lastKnownFileType = sourcecode.swift; path = FriendsCoordinator.swift; sourceTree = "<group>"; };
		6557876C256DD45100FC23FC /* NewBetsCoordinator.swift */ = {isa = PBXFileReference; lastKnownFileType = sourcecode.swift; path = NewBetsCoordinator.swift; sourceTree = "<group>"; };
		65578771256DD4BC00FC23FC /* VideosCoordinator.swift */ = {isa = PBXFileReference; lastKnownFileType = sourcecode.swift; path = VideosCoordinator.swift; sourceTree = "<group>"; };
		6563F92325843F3F00DE69EC /* ProfileViewController.swift */ = {isa = PBXFileReference; lastKnownFileType = sourcecode.swift; path = ProfileViewController.swift; sourceTree = "<group>"; };
		6563F92425843F3F00DE69EC /* BetDetailView.xib */ = {isa = PBXFileReference; lastKnownFileType = file.xib; path = BetDetailView.xib; sourceTree = "<group>"; };
		6563F92A25843FCF00DE69EC /* ProfileViewModel.swift */ = {isa = PBXFileReference; lastKnownFileType = sourcecode.swift; path = ProfileViewModel.swift; sourceTree = "<group>"; };
		6563F92F25844DC800DE69EC /* WelcomeView.xib */ = {isa = PBXFileReference; lastKnownFileType = file.xib; path = WelcomeView.xib; sourceTree = "<group>"; };
		65650A3A25686C6E00812395 /* MainCoordinator.swift */ = {isa = PBXFileReference; lastKnownFileType = sourcecode.swift; path = MainCoordinator.swift; sourceTree = "<group>"; };
		65650A3F2568709900812395 /* ChildCoordinating.swift */ = {isa = PBXFileReference; lastKnownFileType = sourcecode.swift; path = ChildCoordinating.swift; sourceTree = "<group>"; };
		656ABCED25A691AF00EA38A1 /* BetDetailViewModelTests.swift */ = {isa = PBXFileReference; lastKnownFileType = sourcecode.swift; path = BetDetailViewModelTests.swift; sourceTree = "<group>"; };
		656D9448252BF5FE00EDEB7F /* CHUGGR.app */ = {isa = PBXFileReference; explicitFileType = wrapper.application; includeInIndex = 0; path = CHUGGR.app; sourceTree = BUILT_PRODUCTS_DIR; };
		656D944B252BF5FE00EDEB7F /* AppDelegate.swift */ = {isa = PBXFileReference; lastKnownFileType = sourcecode.swift; path = AppDelegate.swift; sourceTree = "<group>"; };
		656D944D252BF5FE00EDEB7F /* SceneDelegate.swift */ = {isa = PBXFileReference; lastKnownFileType = sourcecode.swift; path = SceneDelegate.swift; sourceTree = "<group>"; };
		656D944F252BF5FE00EDEB7F /* WelcomeViewController.swift */ = {isa = PBXFileReference; lastKnownFileType = sourcecode.swift; path = WelcomeViewController.swift; sourceTree = "<group>"; };
		656D9457252BF60100EDEB7F /* Assets.xcassets */ = {isa = PBXFileReference; lastKnownFileType = folder.assetcatalog; path = Assets.xcassets; sourceTree = "<group>"; };
		656D945A252BF60100EDEB7F /* Base */ = {isa = PBXFileReference; lastKnownFileType = file.storyboard; name = Base; path = Base.lproj/LaunchScreen.storyboard; sourceTree = "<group>"; };
		656D945C252BF60100EDEB7F /* Info.plist */ = {isa = PBXFileReference; lastKnownFileType = text.plist.xml; path = Info.plist; sourceTree = "<group>"; };
		656D9461252BF60100EDEB7F /* CHUGGRTests.xctest */ = {isa = PBXFileReference; explicitFileType = wrapper.cfbundle; includeInIndex = 0; path = CHUGGRTests.xctest; sourceTree = BUILT_PRODUCTS_DIR; };
		656D9465252BF60100EDEB7F /* CHUGGRTests.swift */ = {isa = PBXFileReference; lastKnownFileType = sourcecode.swift; path = CHUGGRTests.swift; sourceTree = "<group>"; };
		656D9467252BF60100EDEB7F /* Info.plist */ = {isa = PBXFileReference; lastKnownFileType = text.plist.xml; path = Info.plist; sourceTree = "<group>"; };
		656D946C252BF60100EDEB7F /* CHUGGRUITests.xctest */ = {isa = PBXFileReference; explicitFileType = wrapper.cfbundle; includeInIndex = 0; path = CHUGGRUITests.xctest; sourceTree = BUILT_PRODUCTS_DIR; };
		656D9470252BF60100EDEB7F /* CHUGGRUITests.swift */ = {isa = PBXFileReference; lastKnownFileType = sourcecode.swift; path = CHUGGRUITests.swift; sourceTree = "<group>"; };
		656D9472252BF60100EDEB7F /* Info.plist */ = {isa = PBXFileReference; lastKnownFileType = text.plist.xml; path = Info.plist; sourceTree = "<group>"; };
		656D9481252BF6E100EDEB7F /* GoogleService-Info.plist */ = {isa = PBXFileReference; fileEncoding = 4; lastKnownFileType = text.plist.xml; path = "GoogleService-Info.plist"; sourceTree = "<group>"; };
		657D95AC25929AC20065187A /* Tab.swift */ = {isa = PBXFileReference; lastKnownFileType = sourcecode.swift; path = Tab.swift; sourceTree = "<group>"; };
		657D95B12592AC990065187A /* Tondu_Beta.ttf */ = {isa = PBXFileReference; lastKnownFileType = file; name = Tondu_Beta.ttf; path = ../../../../Library/Fonts/Tondu_Beta.ttf; sourceTree = "<group>"; };
		657D95B62592AE940065187A /* Superstar M54.ttf */ = {isa = PBXFileReference; lastKnownFileType = file; name = "Superstar M54.ttf"; path = "../../../../Library/Fonts/Superstar M54.ttf"; sourceTree = "<group>"; };
		657F169C25AED63A00D5C500 /* AddFriendViewModelTests.swift */ = {isa = PBXFileReference; lastKnownFileType = sourcecode.swift; path = AddFriendViewModelTests.swift; sourceTree = "<group>"; };
		657F16A125AFC7C100D5C500 /* FriendDetailViewModelTests.swift */ = {isa = PBXFileReference; lastKnownFileType = sourcecode.swift; path = FriendDetailViewModelTests.swift; sourceTree = "<group>"; };
		6589D59625A53D5200D2E666 /* UserDetailEntryViewModelTests.swift */ = {isa = PBXFileReference; lastKnownFileType = sourcecode.swift; path = UserDetailEntryViewModelTests.swift; sourceTree = "<group>"; };
		658F11242532747F003B6303 /* MessageCell.swift */ = {isa = PBXFileReference; lastKnownFileType = sourcecode.swift; path = MessageCell.swift; sourceTree = "<group>"; };
		658F11252532747F003B6303 /* MessageCell.xib */ = {isa = PBXFileReference; lastKnownFileType = file.xib; path = MessageCell.xib; sourceTree = "<group>"; };
		658F112E25327B2C003B6303 /* Message.swift */ = {isa = PBXFileReference; lastKnownFileType = sourcecode.swift; path = Message.swift; sourceTree = "<group>"; };
		65989AE82592B660007FFBBA /* MessageCellViewModel.swift */ = {isa = PBXFileReference; lastKnownFileType = sourcecode.swift; path = MessageCellViewModel.swift; sourceTree = "<group>"; };
		659DCB6B252E9A57009D330E /* BetCell.swift */ = {isa = PBXFileReference; lastKnownFileType = sourcecode.swift; path = BetCell.swift; sourceTree = "<group>"; };
		659DCB6C252E9A57009D330E /* BetCell.xib */ = {isa = PBXFileReference; lastKnownFileType = file.xib; path = BetCell.xib; sourceTree = "<group>"; };
		659DCB75252E9AD3009D330E /* Constants.swift */ = {isa = PBXFileReference; lastKnownFileType = sourcecode.swift; path = Constants.swift; sourceTree = "<group>"; };
		65AF9BE22585995800FA96F2 /* BetModelTests.swift */ = {isa = PBXFileReference; lastKnownFileType = sourcecode.swift; path = BetModelTests.swift; sourceTree = "<group>"; };
		65B13FF8258AB41F0004FFCB /* FriendDetailViewController.swift */ = {isa = PBXFileReference; lastKnownFileType = sourcecode.swift; path = FriendDetailViewController.swift; sourceTree = "<group>"; };
		65B13FF9258AB41F0004FFCB /* FriendDetailView.xib */ = {isa = PBXFileReference; lastKnownFileType = file.xib; path = FriendDetailView.xib; sourceTree = "<group>"; };
		65B14005258AB7760004FFCB /* FriendDetailViewModel.swift */ = {isa = PBXFileReference; lastKnownFileType = sourcecode.swift; path = FriendDetailViewModel.swift; sourceTree = "<group>"; };
		65B3D7A9258C6C6C008F274A /* FriendInviteViewController.swift */ = {isa = PBXFileReference; lastKnownFileType = sourcecode.swift; path = FriendInviteViewController.swift; sourceTree = "<group>"; };
		65B3D7AA258C6C6C008F274A /* FriendInviteView.xib */ = {isa = PBXFileReference; lastKnownFileType = file.xib; path = FriendInviteView.xib; sourceTree = "<group>"; };
		65B3D7B0258C6C9A008F274A /* FriendInviteViewModel.swift */ = {isa = PBXFileReference; lastKnownFileType = sourcecode.swift; path = FriendInviteViewModel.swift; sourceTree = "<group>"; };
		65B3D7BC258C766F008F274A /* InviteCell.swift */ = {isa = PBXFileReference; lastKnownFileType = sourcecode.swift; path = InviteCell.swift; sourceTree = "<group>"; };
		65B3D7BD258C766F008F274A /* InviteCell.xib */ = {isa = PBXFileReference; lastKnownFileType = file.xib; path = InviteCell.xib; sourceTree = "<group>"; };
		65B3D7C3258C7677008F274A /* InviteCellViewModel.swift */ = {isa = PBXFileReference; lastKnownFileType = sourcecode.swift; path = InviteCellViewModel.swift; sourceTree = "<group>"; };
		65BBCD09258F3D66004BBB40 /* PendingBetsViewController.swift */ = {isa = PBXFileReference; lastKnownFileType = sourcecode.swift; path = PendingBetsViewController.swift; sourceTree = "<group>"; };
		65BBCD0A258F3D66004BBB40 /* PendingBetsView.xib */ = {isa = PBXFileReference; lastKnownFileType = file.xib; path = PendingBetsView.xib; sourceTree = "<group>"; };
		65BBCD13258F3D7A004BBB40 /* PendingBetsViewModel.swift */ = {isa = PBXFileReference; lastKnownFileType = sourcecode.swift; path = PendingBetsViewModel.swift; sourceTree = "<group>"; };
		65C237FC256EF82B001EA95D /* NewBetViewController.swift */ = {isa = PBXFileReference; lastKnownFileType = sourcecode.swift; path = NewBetViewController.swift; sourceTree = "<group>"; };
		65C23804256EFAA3001EA95D /* HairlineView.swift */ = {isa = PBXFileReference; lastKnownFileType = sourcecode.swift; path = HairlineView.swift; sourceTree = "<group>"; };
		65C681F42585DF8F003160F0 /* BetsView.xib */ = {isa = PBXFileReference; lastKnownFileType = file.xib; path = BetsView.xib; sourceTree = "<group>"; };
		65C681F92585E022003160F0 /* BetsViewModel.swift */ = {isa = PBXFileReference; lastKnownFileType = sourcecode.swift; path = BetsViewModel.swift; sourceTree = "<group>"; };
		65C682012585E111003160F0 /* NewBetView.xib */ = {isa = PBXFileReference; lastKnownFileType = file.xib; path = NewBetView.xib; sourceTree = "<group>"; };
		65C682092585E29D003160F0 /* FriendsViewController.swift */ = {isa = PBXFileReference; lastKnownFileType = sourcecode.swift; path = FriendsViewController.swift; sourceTree = "<group>"; };
		65C6820A2585E29D003160F0 /* FriendsViewController.xib */ = {isa = PBXFileReference; lastKnownFileType = file.xib; path = FriendsViewController.xib; sourceTree = "<group>"; };
		65C682102585E2AE003160F0 /* FriendsViewModel.swift */ = {isa = PBXFileReference; lastKnownFileType = sourcecode.swift; path = FriendsViewModel.swift; sourceTree = "<group>"; };
		65C682182585E334003160F0 /* VideosViewController.swift */ = {isa = PBXFileReference; lastKnownFileType = sourcecode.swift; path = VideosViewController.swift; sourceTree = "<group>"; };
		65C682192585E334003160F0 /* VideosViewController.xib */ = {isa = PBXFileReference; lastKnownFileType = file.xib; path = VideosViewController.xib; sourceTree = "<group>"; };
		65C6821F2585E356003160F0 /* VideosViewModel.swift */ = {isa = PBXFileReference; lastKnownFileType = sourcecode.swift; path = VideosViewModel.swift; sourceTree = "<group>"; };
		65C6E3FA257EE30F00EA7AA4 /* UITextField+DoneToolbar.swift */ = {isa = PBXFileReference; lastKnownFileType = sourcecode.swift; path = "UITextField+DoneToolbar.swift"; sourceTree = "<group>"; };
		65C6E3FF257EE5AC00EA7AA4 /* UIViewController+DismissKeyboard.swift */ = {isa = PBXFileReference; lastKnownFileType = sourcecode.swift; path = "UIViewController+DismissKeyboard.swift"; sourceTree = "<group>"; };
		65C6E408257F408600EA7AA4 /* FirestoreHelper.swift */ = {isa = PBXFileReference; lastKnownFileType = sourcecode.swift; path = FirestoreHelper.swift; sourceTree = "<group>"; };
		65C97624256C4EF800AA46BA /* BetsCoordinator.swift */ = {isa = PBXFileReference; lastKnownFileType = sourcecode.swift; path = BetsCoordinator.swift; sourceTree = "<group>"; };
		65CA8D6F25A9195000E11E5B /* WelcomeViewModelTests.swift */ = {isa = PBXFileReference; lastKnownFileType = sourcecode.swift; path = WelcomeViewModelTests.swift; sourceTree = "<group>"; };
		65CA8D7425A9233200E11E5B /* MessageCellViewModelTests.swift */ = {isa = PBXFileReference; lastKnownFileType = sourcecode.swift; path = MessageCellViewModelTests.swift; sourceTree = "<group>"; };
		65CA8D7925A93A3100E11E5B /* BetsViewModelTests.swift */ = {isa = PBXFileReference; lastKnownFileType = sourcecode.swift; path = BetsViewModelTests.swift; sourceTree = "<group>"; };
		65D18D962580266F00E562C1 /* BetDetailViewModel.swift */ = {isa = PBXFileReference; lastKnownFileType = sourcecode.swift; path = BetDetailViewModel.swift; sourceTree = "<group>"; };
		65D18DAC258053EC00E562C1 /* Drinks.swift */ = {isa = PBXFileReference; lastKnownFileType = sourcecode.swift; path = Drinks.swift; sourceTree = "<group>"; };
		65D34C1F252CF494005C6F98 /* BetsViewController.swift */ = {isa = PBXFileReference; lastKnownFileType = sourcecode.swift; path = BetsViewController.swift; sourceTree = "<group>"; };
		65D6ECAD258B354A00E0A720 /* Friend.swift */ = {isa = PBXFileReference; lastKnownFileType = sourcecode.swift; path = Friend.swift; sourceTree = "<group>"; };
		65E6F786256C5A2400252974 /* ProfileCoordinator.swift */ = {isa = PBXFileReference; lastKnownFileType = sourcecode.swift; path = ProfileCoordinator.swift; sourceTree = "<group>"; };
		65E947F52589791200A71365 /* BetsTableDataSource.swift */ = {isa = PBXFileReference; lastKnownFileType = sourcecode.swift; path = BetsTableDataSource.swift; sourceTree = "<group>"; };
		65E948262589A4C800A71365 /* AddFriendViewController.swift */ = {isa = PBXFileReference; lastKnownFileType = sourcecode.swift; path = AddFriendViewController.swift; sourceTree = "<group>"; };
		65E948272589A4C800A71365 /* AddFriendView.xib */ = {isa = PBXFileReference; lastKnownFileType = file.xib; path = AddFriendView.xib; sourceTree = "<group>"; };
		65E9482D2589A4E200A71365 /* AddFriendViewModel.swift */ = {isa = PBXFileReference; lastKnownFileType = sourcecode.swift; path = AddFriendViewModel.swift; sourceTree = "<group>"; };
		65E948422589E43900A71365 /* FriendCell.swift */ = {isa = PBXFileReference; lastKnownFileType = sourcecode.swift; path = FriendCell.swift; sourceTree = "<group>"; };
		65E948432589E43900A71365 /* FriendCell.xib */ = {isa = PBXFileReference; lastKnownFileType = file.xib; path = FriendCell.xib; sourceTree = "<group>"; };
		65E948492589E44900A71365 /* FriendCellViewModel.swift */ = {isa = PBXFileReference; lastKnownFileType = sourcecode.swift; path = FriendCellViewModel.swift; sourceTree = "<group>"; };
		65EBC1122586FD58009FE754 /* BetCellViewModel.swift */ = {isa = PBXFileReference; lastKnownFileType = sourcecode.swift; path = BetCellViewModel.swift; sourceTree = "<group>"; };
		65F4029A252EA103007892F8 /* Bet.swift */ = {isa = PBXFileReference; lastKnownFileType = sourcecode.swift; path = Bet.swift; sourceTree = "<group>"; };
		65F563712585C21B00033E3E /* ProfileView.xib */ = {isa = PBXFileReference; lastKnownFileType = file.xib; path = ProfileView.xib; sourceTree = "<group>"; };
		65F69D8D257B2D5000CE7371 /* UITextField+InputView.swift */ = {isa = PBXFileReference; lastKnownFileType = sourcecode.swift; path = "UITextField+InputView.swift"; sourceTree = "<group>"; };
		65F69D96257B2EFF00CE7371 /* DateEntryCell.swift */ = {isa = PBXFileReference; lastKnownFileType = sourcecode.swift; path = DateEntryCell.swift; sourceTree = "<group>"; };
		65F69D97257B2EFF00CE7371 /* DateEntryCell.xib */ = {isa = PBXFileReference; lastKnownFileType = file.xib; path = DateEntryCell.xib; sourceTree = "<group>"; };
		65FBCBC0253257CE00227121 /* BetDetailViewController.swift */ = {isa = PBXFileReference; lastKnownFileType = sourcecode.swift; path = BetDetailViewController.swift; sourceTree = "<group>"; };
		65FCE6DE2569BB930066BDC5 /* User.swift */ = {isa = PBXFileReference; lastKnownFileType = sourcecode.swift; path = User.swift; sourceTree = "<group>"; };
		65FCE6EB256B35530066BDC5 /* MainTabBarController.swift */ = {isa = PBXFileReference; lastKnownFileType = sourcecode.swift; path = MainTabBarController.swift; sourceTree = "<group>"; };
		65FD45192581D94100481F50 /* CurrentUser.swift */ = {isa = PBXFileReference; lastKnownFileType = sourcecode.swift; path = CurrentUser.swift; sourceTree = "<group>"; };
		65FD45212581EDE900481F50 /* FullFriend.swift */ = {isa = PBXFileReference; lastKnownFileType = sourcecode.swift; path = FullFriend.swift; sourceTree = "<group>"; };
		65FF28DB258D629100F0BB66 /* FriendInviteDataSource.swift */ = {isa = PBXFileReference; lastKnownFileType = sourcecode.swift; path = FriendInviteDataSource.swift; sourceTree = "<group>"; };
		8FDFF6DA5BA3C750B95B493E /* Pods-CHUGGRTests.debug.xcconfig */ = {isa = PBXFileReference; includeInIndex = 1; lastKnownFileType = text.xcconfig; name = "Pods-CHUGGRTests.debug.xcconfig"; path = "Target Support Files/Pods-CHUGGRTests/Pods-CHUGGRTests.debug.xcconfig"; sourceTree = "<group>"; };
		ADAA051009240AC810ABE037 /* Pods-CHUGGRTests.release.xcconfig */ = {isa = PBXFileReference; includeInIndex = 1; lastKnownFileType = text.xcconfig; name = "Pods-CHUGGRTests.release.xcconfig"; path = "Target Support Files/Pods-CHUGGRTests/Pods-CHUGGRTests.release.xcconfig"; sourceTree = "<group>"; };
		B1F648C6629D8F16889A4446 /* Pods_CHUGGR.framework */ = {isa = PBXFileReference; explicitFileType = wrapper.framework; includeInIndex = 0; path = Pods_CHUGGR.framework; sourceTree = BUILT_PRODUCTS_DIR; };
		C485606B2FBFA81584C54A66 /* Pods_CHUGGR_CHUGGRUITests.framework */ = {isa = PBXFileReference; explicitFileType = wrapper.framework; includeInIndex = 0; path = Pods_CHUGGR_CHUGGRUITests.framework; sourceTree = BUILT_PRODUCTS_DIR; };
		E87B1CFB874953D97C2EDFBC /* Pods-CHUGGR-CHUGGRUITests.debug.xcconfig */ = {isa = PBXFileReference; includeInIndex = 1; lastKnownFileType = text.xcconfig; name = "Pods-CHUGGR-CHUGGRUITests.debug.xcconfig"; path = "Target Support Files/Pods-CHUGGR-CHUGGRUITests/Pods-CHUGGR-CHUGGRUITests.debug.xcconfig"; sourceTree = "<group>"; };
		ED0637931D156551F497E941 /* Pods-CHUGGR.debug.xcconfig */ = {isa = PBXFileReference; includeInIndex = 1; lastKnownFileType = text.xcconfig; name = "Pods-CHUGGR.debug.xcconfig"; path = "Target Support Files/Pods-CHUGGR/Pods-CHUGGR.debug.xcconfig"; sourceTree = "<group>"; };
		F886D0D1EE88654B889AB33C /* Pods-CHUGGR-CHUGGRUITests.release.xcconfig */ = {isa = PBXFileReference; includeInIndex = 1; lastKnownFileType = text.xcconfig; name = "Pods-CHUGGR-CHUGGRUITests.release.xcconfig"; path = "Target Support Files/Pods-CHUGGR-CHUGGRUITests/Pods-CHUGGR-CHUGGRUITests.release.xcconfig"; sourceTree = "<group>"; };
/* End PBXFileReference section */

/* Begin PBXFrameworksBuildPhase section */
		656D9445252BF5FE00EDEB7F /* Frameworks */ = {
			isa = PBXFrameworksBuildPhase;
			buildActionMask = 2147483647;
			files = (
				E95618B520BB3301EB30C468 /* Pods_CHUGGR.framework in Frameworks */,
			);
			runOnlyForDeploymentPostprocessing = 0;
		};
		656D945E252BF60100EDEB7F /* Frameworks */ = {
			isa = PBXFrameworksBuildPhase;
			buildActionMask = 2147483647;
			files = (
				33F2837CAAB91E2DD6A852E1 /* Pods_CHUGGRTests.framework in Frameworks */,
			);
			runOnlyForDeploymentPostprocessing = 0;
		};
		656D9469252BF60100EDEB7F /* Frameworks */ = {
			isa = PBXFrameworksBuildPhase;
			buildActionMask = 2147483647;
			files = (
				C8D113C094F567575BDCF233 /* Pods_CHUGGR_CHUGGRUITests.framework in Frameworks */,
			);
			runOnlyForDeploymentPostprocessing = 0;
		};
/* End PBXFrameworksBuildPhase section */

/* Begin PBXGroup section */
		650E7ADD25A4032200D5F081 /* Testing */ = {
			isa = PBXGroup;
			children = (
				650E7AD825A3F54C00D5F081 /* FirestoreHelping.swift */,
				650E7ADE25A4033600D5F081 /* MockFirestoreHelper.swift */,
				6536EF0F25AE7966008AF0F1 /* TestingData.swift */,
			);
			path = Testing;
			sourceTree = "<group>";
		};
		6537BC2E2583132700880C2B /* User Detail Entry */ = {
			isa = PBXGroup;
			children = (
				6537BC2F2583135200880C2B /* UserDetailEntryViewController.swift */,
				6537BC362583138200880C2B /* UserDetailEntryViewModel.swift */,
				6537BC302583135200880C2B /* UserDetailEntryView.xib */,
				6537BC4A25831E1400880C2B /* Custom Cell */,
			);
			path = "User Detail Entry";
			sourceTree = "<group>";
		};
		6537BC4A25831E1400880C2B /* Custom Cell */ = {
			isa = PBXGroup;
			children = (
				6537BC3B2583143700880C2B /* UserDetailEntryCell.swift */,
				6537BC3C2583143700880C2B /* UserDetailEntryCell.xib */,
				6537BC452583145200880C2B /* UserDetailEntryCellViewModel.swift */,
			);
			path = "Custom Cell";
			sourceTree = "<group>";
		};
		6545C03C257AEEAF0092C02A /* Bet Dashboard Tab */ = {
			isa = PBXGroup;
			children = (
				6545C054257AEF070092C02A /* Bet Detail */,
				6545C042257AEEEB0092C02A /* Bet Dashboard */,
			);
			path = "Bet Dashboard Tab";
			sourceTree = "<group>";
		};
		6545C042257AEEEB0092C02A /* Bet Dashboard */ = {
			isa = PBXGroup;
			children = (
				65EBC1112586FD43009FE754 /* Custom Cells */,
				65D34C1F252CF494005C6F98 /* BetsViewController.swift */,
				65C681F92585E022003160F0 /* BetsViewModel.swift */,
				65C681F42585DF8F003160F0 /* BetsView.xib */,
				65E947F52589791200A71365 /* BetsTableDataSource.swift */,
				65BBCD08258F3D4C004BBB40 /* Pending Bets */,
			);
			path = "Bet Dashboard";
			sourceTree = "<group>";
		};
		6545C054257AEF070092C02A /* Bet Detail */ = {
			isa = PBXGroup;
			children = (
				65FBCBC0253257CE00227121 /* BetDetailViewController.swift */,
				65D18D962580266F00E562C1 /* BetDetailViewModel.swift */,
				6563F92425843F3F00DE69EC /* BetDetailView.xib */,
				657D95BB2592B5DE0065187A /* Message Cell */,
			);
			path = "Bet Detail";
			sourceTree = "<group>";
		};
		6545C05B257AEF2C0092C02A /* New Bet Entry */ = {
			isa = PBXGroup;
			children = (
				6545C05C257AEF670092C02A /* Custom Cells */,
				65C237FC256EF82B001EA95D /* NewBetViewController.swift */,
				654AC027257740A900AEBADF /* NewBetViewModel.swift */,
				65C682012585E111003160F0 /* NewBetView.xib */,
			);
			path = "New Bet Entry";
			sourceTree = "<group>";
		};
		6545C05C257AEF670092C02A /* Custom Cells */ = {
			isa = PBXGroup;
			children = (
				6535F501256F479F00C5FC72 /* BetEntryCell.swift */,
				650371F7257AD2B700F59D95 /* BetEntryCellViewModel.swift */,
				6535F502256F479F00C5FC72 /* BetEntryCell.xib */,
				65543D0825772B7100B8C549 /* StakeEntryCell.swift */,
				65F69D96257B2EFF00CE7371 /* DateEntryCell.swift */,
				65543D0925772B7100B8C549 /* StakeEntryCell.xib */,
				65F69D97257B2EFF00CE7371 /* DateEntryCell.xib */,
				65C23804256EFAA3001EA95D /* HairlineView.swift */,
			);
			path = "Custom Cells";
			sourceTree = "<group>";
		};
		6545C05D257AEF9B0092C02A /* Friends Tab */ = {
			isa = PBXGroup;
			children = (
				65E9481E2589A42300A71365 /* Friends Main List */,
				65E948222589A43A00A71365 /* Add Friends */,
				65B13FF7258AB3F60004FFCB /* Friend Detail */,
				65E948412589E41500A71365 /* Custom Cells */,
			);
			path = "Friends Tab";
			sourceTree = "<group>";
		};
		6545C05E257AEFAC0092C02A /* Videos Tab */ = {
			isa = PBXGroup;
			children = (
				65C682182585E334003160F0 /* VideosViewController.swift */,
				65C6821F2585E356003160F0 /* VideosViewModel.swift */,
				65C682192585E334003160F0 /* VideosViewController.xib */,
			);
			path = "Videos Tab";
			sourceTree = "<group>";
		};
		6545C05F257AEFB60092C02A /* Profile Tab */ = {
			isa = PBXGroup;
			children = (
				6563F92325843F3F00DE69EC /* ProfileViewController.swift */,
				6563F92A25843FCF00DE69EC /* ProfileViewModel.swift */,
				65F563712585C21B00033E3E /* ProfileView.xib */,
				653AFE3B2591BA240033614F /* ProfileTableDataSource.swift */,
			);
			path = "Profile Tab";
			sourceTree = "<group>";
		};
		6545C063257AF02F0092C02A /* Main */ = {
			isa = PBXGroup;
			children = (
				6537BC2E2583132700880C2B /* User Detail Entry */,
				656D944F252BF5FE00EDEB7F /* WelcomeViewController.swift */,
				6537BC262583054200880C2B /* WelcomeViewModel.swift */,
				6563F92F25844DC800DE69EC /* WelcomeView.xib */,
				65FCE6EB256B35530066BDC5 /* MainTabBarController.swift */,
			);
			path = Main;
			sourceTree = "<group>";
		};
		65543D0725772B4E00B8C549 /* New Bet Tab */ = {
			isa = PBXGroup;
			children = (
				65B3D7A8258C6C53008F274A /* Friend Invite */,
				6545C05B257AEF2C0092C02A /* New Bet Entry */,
			);
			path = "New Bet Tab";
			sourceTree = "<group>";
		};
		65650A4D2568B7E900812395 /* Coordinators */ = {
			isa = PBXGroup;
			children = (
				65C97623256C4EC900AA46BA /* Child Coordinators */,
				65650A3A25686C6E00812395 /* MainCoordinator.swift */,
				6533F265256859C5002524B3 /* ParentCoordinating.swift */,
			);
			path = Coordinators;
			sourceTree = "<group>";
		};
		656D943F252BF5FE00EDEB7F = {
			isa = PBXGroup;
			children = (
				656D944A252BF5FE00EDEB7F /* CHUGGR */,
				656D9464252BF60100EDEB7F /* CHUGGRTests */,
				656D946F252BF60100EDEB7F /* CHUGGRUITests */,
				656D9449252BF5FE00EDEB7F /* Products */,
				D225F178EDFFE4E1E006E7D0 /* Pods */,
				C58D1C18B638C9A5FCC532B5 /* Frameworks */,
			);
			sourceTree = "<group>";
		};
		656D9449252BF5FE00EDEB7F /* Products */ = {
			isa = PBXGroup;
			children = (
				656D9448252BF5FE00EDEB7F /* CHUGGR.app */,
				656D9461252BF60100EDEB7F /* CHUGGRTests.xctest */,
				656D946C252BF60100EDEB7F /* CHUGGRUITests.xctest */,
			);
			name = Products;
			sourceTree = "<group>";
		};
		656D944A252BF5FE00EDEB7F /* CHUGGR */ = {
			isa = PBXGroup;
			children = (
				65C6E407257F407500EA7AA4 /* Helpers */,
				659DCB75252E9AD3009D330E /* Constants.swift */,
				65650A4D2568B7E900812395 /* Coordinators */,
				65D34C1D252CF434005C6F98 /* Models */,
				65D34C1C252CF428005C6F98 /* Views */,
				65F69D8C257B2D1000CE7371 /* Extensions */,
				656D9457252BF60100EDEB7F /* Assets.xcassets */,
				657D959D25927E8C0065187A /* Resources */,
				656D9481252BF6E100EDEB7F /* GoogleService-Info.plist */,
				656D945C252BF60100EDEB7F /* Info.plist */,
			);
			path = CHUGGR;
			sourceTree = "<group>";
		};
		656D9464252BF60100EDEB7F /* CHUGGRTests */ = {
			isa = PBXGroup;
			children = (
				657F16A125AFC7C100D5C500 /* FriendDetailViewModelTests.swift */,
				657F169C25AED63A00D5C500 /* AddFriendViewModelTests.swift */,
				6536EF1425AE7DB3008AF0F1 /* FriendsViewModelTests.swift */,
				6536EF0A25AE6970008AF0F1 /* PendingBetsViewModelTests.swift */,
				6536EF0525AD3CFD008AF0F1 /* BetCellViewModelTests.swift */,
				65CA8D7925A93A3100E11E5B /* BetsViewModelTests.swift */,
				65CA8D7425A9233200E11E5B /* MessageCellViewModelTests.swift */,
				65CA8D6F25A9195000E11E5B /* WelcomeViewModelTests.swift */,
				656ABCED25A691AF00EA38A1 /* BetDetailViewModelTests.swift */,
				6589D59625A53D5200D2E666 /* UserDetailEntryViewModelTests.swift */,
				656D9465252BF60100EDEB7F /* CHUGGRTests.swift */,
				65AF9BE22585995800FA96F2 /* BetModelTests.swift */,
				656D9467252BF60100EDEB7F /* Info.plist */,
			);
			path = CHUGGRTests;
			sourceTree = "<group>";
		};
		656D946F252BF60100EDEB7F /* CHUGGRUITests */ = {
			isa = PBXGroup;
			children = (
				656D9470252BF60100EDEB7F /* CHUGGRUITests.swift */,
				656D9472252BF60100EDEB7F /* Info.plist */,
			);
			path = CHUGGRUITests;
			sourceTree = "<group>";
		};
		657D959D25927E8C0065187A /* Resources */ = {
			isa = PBXGroup;
			children = (
				657D95B12592AC990065187A /* Tondu_Beta.ttf */,
				657D95B62592AE940065187A /* Superstar M54.ttf */,
			);
			path = Resources;
			sourceTree = "<group>";
		};
		657D95BB2592B5DE0065187A /* Message Cell */ = {
			isa = PBXGroup;
			children = (
				658F11242532747F003B6303 /* MessageCell.swift */,
				65989AE82592B660007FFBBA /* MessageCellViewModel.swift */,
				658F11252532747F003B6303 /* MessageCell.xib */,
			);
			path = "Message Cell";
			sourceTree = "<group>";
		};
		65B13FF7258AB3F60004FFCB /* Friend Detail */ = {
			isa = PBXGroup;
			children = (
				65B13FF8258AB41F0004FFCB /* FriendDetailViewController.swift */,
				65B14005258AB7760004FFCB /* FriendDetailViewModel.swift */,
				65B13FF9258AB41F0004FFCB /* FriendDetailView.xib */,
			);
			path = "Friend Detail";
			sourceTree = "<group>";
		};
		65B3D7A8258C6C53008F274A /* Friend Invite */ = {
			isa = PBXGroup;
			children = (
				65B3D7A9258C6C6C008F274A /* FriendInviteViewController.swift */,
				65B3D7B0258C6C9A008F274A /* FriendInviteViewModel.swift */,
				65B3D7AA258C6C6C008F274A /* FriendInviteView.xib */,
				65FF28DB258D629100F0BB66 /* FriendInviteDataSource.swift */,
				65B3D7BB258C7655008F274A /* Custom Cells */,
			);
			path = "Friend Invite";
			sourceTree = "<group>";
		};
		65B3D7BB258C7655008F274A /* Custom Cells */ = {
			isa = PBXGroup;
			children = (
				65B3D7BC258C766F008F274A /* InviteCell.swift */,
				65B3D7C3258C7677008F274A /* InviteCellViewModel.swift */,
				65B3D7BD258C766F008F274A /* InviteCell.xib */,
			);
			path = "Custom Cells";
			sourceTree = "<group>";
		};
		65BBCD08258F3D4C004BBB40 /* Pending Bets */ = {
			isa = PBXGroup;
			children = (
				65BBCD09258F3D66004BBB40 /* PendingBetsViewController.swift */,
				65BBCD13258F3D7A004BBB40 /* PendingBetsViewModel.swift */,
				65BBCD0A258F3D66004BBB40 /* PendingBetsView.xib */,
			);
			path = "Pending Bets";
			sourceTree = "<group>";
		};
		65C6E407257F407500EA7AA4 /* Helpers */ = {
			isa = PBXGroup;
			children = (
				65C6E408257F408600EA7AA4 /* FirestoreHelper.swift */,
				656D944B252BF5FE00EDEB7F /* AppDelegate.swift */,
				656D944D252BF5FE00EDEB7F /* SceneDelegate.swift */,
				650E7ADD25A4032200D5F081 /* Testing */,
			);
			path = Helpers;
			sourceTree = "<group>";
		};
		65C97623256C4EC900AA46BA /* Child Coordinators */ = {
			isa = PBXGroup;
			children = (
				65650A3F2568709900812395 /* ChildCoordinating.swift */,
				65C97624256C4EF800AA46BA /* BetsCoordinator.swift */,
				65578764256DD33600FC23FC /* FriendsCoordinator.swift */,
				6557876C256DD45100FC23FC /* NewBetsCoordinator.swift */,
				65578771256DD4BC00FC23FC /* VideosCoordinator.swift */,
				65E6F786256C5A2400252974 /* ProfileCoordinator.swift */,
			);
			path = "Child Coordinators";
			sourceTree = "<group>";
		};
		65D34C1C252CF428005C6F98 /* Views */ = {
			isa = PBXGroup;
			children = (
				656D9459252BF60100EDEB7F /* LaunchScreen.storyboard */,
				6545C063257AF02F0092C02A /* Main */,
				6545C03C257AEEAF0092C02A /* Bet Dashboard Tab */,
				6545C05D257AEF9B0092C02A /* Friends Tab */,
				65543D0725772B4E00B8C549 /* New Bet Tab */,
				6545C05E257AEFAC0092C02A /* Videos Tab */,
				6545C05F257AEFB60092C02A /* Profile Tab */,
			);
			path = Views;
			sourceTree = "<group>";
		};
		65D34C1D252CF434005C6F98 /* Models */ = {
			isa = PBXGroup;
			children = (
				65FCE6DE2569BB930066BDC5 /* User.swift */,
				65D6ECAD258B354A00E0A720 /* Friend.swift */,
				65FD45192581D94100481F50 /* CurrentUser.swift */,
				65FD45212581EDE900481F50 /* FullFriend.swift */,
				6511DCAC258AE6350009A9F6 /* FriendSnippet.swift */,
				65F4029A252EA103007892F8 /* Bet.swift */,
				65D18DAC258053EC00E562C1 /* Drinks.swift */,
				658F112E25327B2C003B6303 /* Message.swift */,
				657D95AC25929AC20065187A /* Tab.swift */,
			);
			path = Models;
			sourceTree = "<group>";
		};
		65E9481E2589A42300A71365 /* Friends Main List */ = {
			isa = PBXGroup;
			children = (
				65C682092585E29D003160F0 /* FriendsViewController.swift */,
				65C682102585E2AE003160F0 /* FriendsViewModel.swift */,
				65C6820A2585E29D003160F0 /* FriendsViewController.xib */,
			);
			path = "Friends Main List";
			sourceTree = "<group>";
		};
		65E948222589A43A00A71365 /* Add Friends */ = {
			isa = PBXGroup;
			children = (
				65E948262589A4C800A71365 /* AddFriendViewController.swift */,
				65E9482D2589A4E200A71365 /* AddFriendViewModel.swift */,
				65E948272589A4C800A71365 /* AddFriendView.xib */,
			);
			path = "Add Friends";
			sourceTree = "<group>";
		};
		65E948412589E41500A71365 /* Custom Cells */ = {
			isa = PBXGroup;
			children = (
				65E948422589E43900A71365 /* FriendCell.swift */,
				65E948492589E44900A71365 /* FriendCellViewModel.swift */,
				65E948432589E43900A71365 /* FriendCell.xib */,
			);
			path = "Custom Cells";
			sourceTree = "<group>";
		};
		65EBC1112586FD43009FE754 /* Custom Cells */ = {
			isa = PBXGroup;
			children = (
				659DCB6B252E9A57009D330E /* BetCell.swift */,
				65EBC1122586FD58009FE754 /* BetCellViewModel.swift */,
				659DCB6C252E9A57009D330E /* BetCell.xib */,
			);
			path = "Custom Cells";
			sourceTree = "<group>";
		};
		65F69D8C257B2D1000CE7371 /* Extensions */ = {
			isa = PBXGroup;
			children = (
				65F69D8D257B2D5000CE7371 /* UITextField+InputView.swift */,
				65C6E3FA257EE30F00EA7AA4 /* UITextField+DoneToolbar.swift */,
				65C6E3FF257EE5AC00EA7AA4 /* UIViewController+DismissKeyboard.swift */,
			);
			path = Extensions;
			sourceTree = "<group>";
		};
		C58D1C18B638C9A5FCC532B5 /* Frameworks */ = {
			isa = PBXGroup;
			children = (
				B1F648C6629D8F16889A4446 /* Pods_CHUGGR.framework */,
				C485606B2FBFA81584C54A66 /* Pods_CHUGGR_CHUGGRUITests.framework */,
				5D648B058C51D7AD3E6E0249 /* Pods_CHUGGRTests.framework */,
			);
			name = Frameworks;
			sourceTree = "<group>";
		};
		D225F178EDFFE4E1E006E7D0 /* Pods */ = {
			isa = PBXGroup;
			children = (
				ED0637931D156551F497E941 /* Pods-CHUGGR.debug.xcconfig */,
				5CE5F6A2FF71B1062949620C /* Pods-CHUGGR.release.xcconfig */,
				E87B1CFB874953D97C2EDFBC /* Pods-CHUGGR-CHUGGRUITests.debug.xcconfig */,
				F886D0D1EE88654B889AB33C /* Pods-CHUGGR-CHUGGRUITests.release.xcconfig */,
				8FDFF6DA5BA3C750B95B493E /* Pods-CHUGGRTests.debug.xcconfig */,
				ADAA051009240AC810ABE037 /* Pods-CHUGGRTests.release.xcconfig */,
			);
			path = Pods;
			sourceTree = "<group>";
		};
/* End PBXGroup section */

/* Begin PBXNativeTarget section */
		656D9447252BF5FE00EDEB7F /* CHUGGR */ = {
			isa = PBXNativeTarget;
			buildConfigurationList = 656D9475252BF60100EDEB7F /* Build configuration list for PBXNativeTarget "CHUGGR" */;
			buildPhases = (
				C3EFAFD594B34893F7F5CE51 /* [CP] Check Pods Manifest.lock */,
				656D9444252BF5FE00EDEB7F /* Sources */,
				656D9445252BF5FE00EDEB7F /* Frameworks */,
				656D9446252BF5FE00EDEB7F /* Resources */,
				650302EF0C4A84A1DD3EC803 /* [CP] Embed Pods Frameworks */,
				C023FBBC2028C0C7BD0DA01E /* [CP] Copy Pods Resources */,
			);
			buildRules = (
			);
			dependencies = (
			);
			name = CHUGGR;
			productName = CHUGGR;
			productReference = 656D9448252BF5FE00EDEB7F /* CHUGGR.app */;
			productType = "com.apple.product-type.application";
		};
		656D9460252BF60100EDEB7F /* CHUGGRTests */ = {
			isa = PBXNativeTarget;
			buildConfigurationList = 656D9478252BF60100EDEB7F /* Build configuration list for PBXNativeTarget "CHUGGRTests" */;
			buildPhases = (
				1468AE6A08CA55E62FFE1EBA /* [CP] Check Pods Manifest.lock */,
				656D945D252BF60100EDEB7F /* Sources */,
				656D945E252BF60100EDEB7F /* Frameworks */,
				656D945F252BF60100EDEB7F /* Resources */,
			);
			buildRules = (
			);
			dependencies = (
				656D9463252BF60100EDEB7F /* PBXTargetDependency */,
			);
			name = CHUGGRTests;
			productName = CHUGGRTests;
			productReference = 656D9461252BF60100EDEB7F /* CHUGGRTests.xctest */;
			productType = "com.apple.product-type.bundle.unit-test";
		};
		656D946B252BF60100EDEB7F /* CHUGGRUITests */ = {
			isa = PBXNativeTarget;
			buildConfigurationList = 656D947B252BF60100EDEB7F /* Build configuration list for PBXNativeTarget "CHUGGRUITests" */;
			buildPhases = (
				CA70D47A0F857337570A13AE /* [CP] Check Pods Manifest.lock */,
				656D9468252BF60100EDEB7F /* Sources */,
				656D9469252BF60100EDEB7F /* Frameworks */,
				656D946A252BF60100EDEB7F /* Resources */,
				D5E029921F2383422D7A0E67 /* [CP] Embed Pods Frameworks */,
				B3AFC0760FD36C7B110E44E8 /* [CP] Copy Pods Resources */,
			);
			buildRules = (
			);
			dependencies = (
				656D946E252BF60100EDEB7F /* PBXTargetDependency */,
			);
			name = CHUGGRUITests;
			productName = CHUGGRUITests;
			productReference = 656D946C252BF60100EDEB7F /* CHUGGRUITests.xctest */;
			productType = "com.apple.product-type.bundle.ui-testing";
		};
/* End PBXNativeTarget section */

/* Begin PBXProject section */
		656D9440252BF5FE00EDEB7F /* Project object */ = {
			isa = PBXProject;
			attributes = {
				LastSwiftUpdateCheck = 1200;
				LastUpgradeCheck = 1200;
				TargetAttributes = {
					656D9447252BF5FE00EDEB7F = {
						CreatedOnToolsVersion = 12.0.1;
					};
					656D9460252BF60100EDEB7F = {
						CreatedOnToolsVersion = 12.0.1;
						TestTargetID = 656D9447252BF5FE00EDEB7F;
					};
					656D946B252BF60100EDEB7F = {
						CreatedOnToolsVersion = 12.0.1;
						TestTargetID = 656D9447252BF5FE00EDEB7F;
					};
				};
			};
			buildConfigurationList = 656D9443252BF5FE00EDEB7F /* Build configuration list for PBXProject "CHUGGR" */;
			compatibilityVersion = "Xcode 9.3";
			developmentRegion = en;
			hasScannedForEncodings = 0;
			knownRegions = (
				en,
				Base,
			);
			mainGroup = 656D943F252BF5FE00EDEB7F;
			productRefGroup = 656D9449252BF5FE00EDEB7F /* Products */;
			projectDirPath = "";
			projectRoot = "";
			targets = (
				656D9447252BF5FE00EDEB7F /* CHUGGR */,
				656D9460252BF60100EDEB7F /* CHUGGRTests */,
				656D946B252BF60100EDEB7F /* CHUGGRUITests */,
			);
		};
/* End PBXProject section */

/* Begin PBXResourcesBuildPhase section */
		656D9446252BF5FE00EDEB7F /* Resources */ = {
			isa = PBXResourcesBuildPhase;
			buildActionMask = 2147483647;
			files = (
				65C6820C2585E29D003160F0 /* FriendsViewController.xib in Resources */,
				656D945B252BF60100EDEB7F /* LaunchScreen.storyboard in Resources */,
				6537BC322583135200880C2B /* UserDetailEntryView.xib in Resources */,
				6535F504256F479F00C5FC72 /* BetEntryCell.xib in Resources */,
				658F11272532747F003B6303 /* MessageCell.xib in Resources */,
				65F69D99257B2EFF00CE7371 /* DateEntryCell.xib in Resources */,
				65E948292589A4C800A71365 /* AddFriendView.xib in Resources */,
				6537BC3E2583143700880C2B /* UserDetailEntryCell.xib in Resources */,
				6563F92625843F3F00DE69EC /* BetDetailView.xib in Resources */,
				659DCB6E252E9A57009D330E /* BetCell.xib in Resources */,
				656D9482252BF6E200EDEB7F /* GoogleService-Info.plist in Resources */,
				65B13FFB258AB41F0004FFCB /* FriendDetailView.xib in Resources */,
				65C681F52585DF8F003160F0 /* BetsView.xib in Resources */,
				65543D0B25772B7100B8C549 /* StakeEntryCell.xib in Resources */,
				65E948452589E43900A71365 /* FriendCell.xib in Resources */,
				657D95B22592AC990065187A /* Tondu_Beta.ttf in Resources */,
				65BBCD0C258F3D66004BBB40 /* PendingBetsView.xib in Resources */,
				65C6821B2585E334003160F0 /* VideosViewController.xib in Resources */,
				65B3D7BF258C766F008F274A /* InviteCell.xib in Resources */,
				65B3D7AC258C6C6C008F274A /* FriendInviteView.xib in Resources */,
				656D9458252BF60100EDEB7F /* Assets.xcassets in Resources */,
				65F563722585C21B00033E3E /* ProfileView.xib in Resources */,
				6563F93025844DC800DE69EC /* WelcomeView.xib in Resources */,
				657D95B72592AE950065187A /* Superstar M54.ttf in Resources */,
				65C682022585E111003160F0 /* NewBetView.xib in Resources */,
			);
			runOnlyForDeploymentPostprocessing = 0;
		};
		656D945F252BF60100EDEB7F /* Resources */ = {
			isa = PBXResourcesBuildPhase;
			buildActionMask = 2147483647;
			files = (
			);
			runOnlyForDeploymentPostprocessing = 0;
		};
		656D946A252BF60100EDEB7F /* Resources */ = {
			isa = PBXResourcesBuildPhase;
			buildActionMask = 2147483647;
			files = (
			);
			runOnlyForDeploymentPostprocessing = 0;
		};
/* End PBXResourcesBuildPhase section */

/* Begin PBXShellScriptBuildPhase section */
		1468AE6A08CA55E62FFE1EBA /* [CP] Check Pods Manifest.lock */ = {
			isa = PBXShellScriptBuildPhase;
			buildActionMask = 2147483647;
			files = (
			);
			inputFileListPaths = (
			);
			inputPaths = (
				"${PODS_PODFILE_DIR_PATH}/Podfile.lock",
				"${PODS_ROOT}/Manifest.lock",
			);
			name = "[CP] Check Pods Manifest.lock";
			outputFileListPaths = (
			);
			outputPaths = (
				"$(DERIVED_FILE_DIR)/Pods-CHUGGRTests-checkManifestLockResult.txt",
			);
			runOnlyForDeploymentPostprocessing = 0;
			shellPath = /bin/sh;
			shellScript = "diff \"${PODS_PODFILE_DIR_PATH}/Podfile.lock\" \"${PODS_ROOT}/Manifest.lock\" > /dev/null\nif [ $? != 0 ] ; then\n    # print error to STDERR\n    echo \"error: The sandbox is not in sync with the Podfile.lock. Run 'pod install' or update your CocoaPods installation.\" >&2\n    exit 1\nfi\n# This output is used by Xcode 'outputs' to avoid re-running this script phase.\necho \"SUCCESS\" > \"${SCRIPT_OUTPUT_FILE_0}\"\n";
			showEnvVarsInLog = 0;
		};
		650302EF0C4A84A1DD3EC803 /* [CP] Embed Pods Frameworks */ = {
			isa = PBXShellScriptBuildPhase;
			buildActionMask = 2147483647;
			files = (
			);
			inputFileListPaths = (
				"${PODS_ROOT}/Target Support Files/Pods-CHUGGR/Pods-CHUGGR-frameworks-${CONFIGURATION}-input-files.xcfilelist",
			);
			name = "[CP] Embed Pods Frameworks";
			outputFileListPaths = (
				"${PODS_ROOT}/Target Support Files/Pods-CHUGGR/Pods-CHUGGR-frameworks-${CONFIGURATION}-output-files.xcfilelist",
			);
			runOnlyForDeploymentPostprocessing = 0;
			shellPath = /bin/sh;
			shellScript = "\"${PODS_ROOT}/Target Support Files/Pods-CHUGGR/Pods-CHUGGR-frameworks.sh\"\n";
			showEnvVarsInLog = 0;
		};
		B3AFC0760FD36C7B110E44E8 /* [CP] Copy Pods Resources */ = {
			isa = PBXShellScriptBuildPhase;
			buildActionMask = 2147483647;
			files = (
			);
			inputFileListPaths = (
				"${PODS_ROOT}/Target Support Files/Pods-CHUGGR-CHUGGRUITests/Pods-CHUGGR-CHUGGRUITests-resources-${CONFIGURATION}-input-files.xcfilelist",
			);
			name = "[CP] Copy Pods Resources";
			outputFileListPaths = (
				"${PODS_ROOT}/Target Support Files/Pods-CHUGGR-CHUGGRUITests/Pods-CHUGGR-CHUGGRUITests-resources-${CONFIGURATION}-output-files.xcfilelist",
			);
			runOnlyForDeploymentPostprocessing = 0;
			shellPath = /bin/sh;
			shellScript = "\"${PODS_ROOT}/Target Support Files/Pods-CHUGGR-CHUGGRUITests/Pods-CHUGGR-CHUGGRUITests-resources.sh\"\n";
			showEnvVarsInLog = 0;
		};
		C023FBBC2028C0C7BD0DA01E /* [CP] Copy Pods Resources */ = {
			isa = PBXShellScriptBuildPhase;
			buildActionMask = 2147483647;
			files = (
			);
			inputFileListPaths = (
				"${PODS_ROOT}/Target Support Files/Pods-CHUGGR/Pods-CHUGGR-resources-${CONFIGURATION}-input-files.xcfilelist",
			);
			name = "[CP] Copy Pods Resources";
			outputFileListPaths = (
				"${PODS_ROOT}/Target Support Files/Pods-CHUGGR/Pods-CHUGGR-resources-${CONFIGURATION}-output-files.xcfilelist",
			);
			runOnlyForDeploymentPostprocessing = 0;
			shellPath = /bin/sh;
			shellScript = "\"${PODS_ROOT}/Target Support Files/Pods-CHUGGR/Pods-CHUGGR-resources.sh\"\n";
			showEnvVarsInLog = 0;
		};
		C3EFAFD594B34893F7F5CE51 /* [CP] Check Pods Manifest.lock */ = {
			isa = PBXShellScriptBuildPhase;
			buildActionMask = 2147483647;
			files = (
			);
			inputFileListPaths = (
			);
			inputPaths = (
				"${PODS_PODFILE_DIR_PATH}/Podfile.lock",
				"${PODS_ROOT}/Manifest.lock",
			);
			name = "[CP] Check Pods Manifest.lock";
			outputFileListPaths = (
			);
			outputPaths = (
				"$(DERIVED_FILE_DIR)/Pods-CHUGGR-checkManifestLockResult.txt",
			);
			runOnlyForDeploymentPostprocessing = 0;
			shellPath = /bin/sh;
			shellScript = "diff \"${PODS_PODFILE_DIR_PATH}/Podfile.lock\" \"${PODS_ROOT}/Manifest.lock\" > /dev/null\nif [ $? != 0 ] ; then\n    # print error to STDERR\n    echo \"error: The sandbox is not in sync with the Podfile.lock. Run 'pod install' or update your CocoaPods installation.\" >&2\n    exit 1\nfi\n# This output is used by Xcode 'outputs' to avoid re-running this script phase.\necho \"SUCCESS\" > \"${SCRIPT_OUTPUT_FILE_0}\"\n";
			showEnvVarsInLog = 0;
		};
		CA70D47A0F857337570A13AE /* [CP] Check Pods Manifest.lock */ = {
			isa = PBXShellScriptBuildPhase;
			buildActionMask = 2147483647;
			files = (
			);
			inputFileListPaths = (
			);
			inputPaths = (
				"${PODS_PODFILE_DIR_PATH}/Podfile.lock",
				"${PODS_ROOT}/Manifest.lock",
			);
			name = "[CP] Check Pods Manifest.lock";
			outputFileListPaths = (
			);
			outputPaths = (
				"$(DERIVED_FILE_DIR)/Pods-CHUGGR-CHUGGRUITests-checkManifestLockResult.txt",
			);
			runOnlyForDeploymentPostprocessing = 0;
			shellPath = /bin/sh;
			shellScript = "diff \"${PODS_PODFILE_DIR_PATH}/Podfile.lock\" \"${PODS_ROOT}/Manifest.lock\" > /dev/null\nif [ $? != 0 ] ; then\n    # print error to STDERR\n    echo \"error: The sandbox is not in sync with the Podfile.lock. Run 'pod install' or update your CocoaPods installation.\" >&2\n    exit 1\nfi\n# This output is used by Xcode 'outputs' to avoid re-running this script phase.\necho \"SUCCESS\" > \"${SCRIPT_OUTPUT_FILE_0}\"\n";
			showEnvVarsInLog = 0;
		};
		D5E029921F2383422D7A0E67 /* [CP] Embed Pods Frameworks */ = {
			isa = PBXShellScriptBuildPhase;
			buildActionMask = 2147483647;
			files = (
			);
			inputFileListPaths = (
				"${PODS_ROOT}/Target Support Files/Pods-CHUGGR-CHUGGRUITests/Pods-CHUGGR-CHUGGRUITests-frameworks-${CONFIGURATION}-input-files.xcfilelist",
			);
			name = "[CP] Embed Pods Frameworks";
			outputFileListPaths = (
				"${PODS_ROOT}/Target Support Files/Pods-CHUGGR-CHUGGRUITests/Pods-CHUGGR-CHUGGRUITests-frameworks-${CONFIGURATION}-output-files.xcfilelist",
			);
			runOnlyForDeploymentPostprocessing = 0;
			shellPath = /bin/sh;
			shellScript = "\"${PODS_ROOT}/Target Support Files/Pods-CHUGGR-CHUGGRUITests/Pods-CHUGGR-CHUGGRUITests-frameworks.sh\"\n";
			showEnvVarsInLog = 0;
		};
/* End PBXShellScriptBuildPhase section */

/* Begin PBXSourcesBuildPhase section */
		656D9444252BF5FE00EDEB7F /* Sources */ = {
			isa = PBXSourcesBuildPhase;
			buildActionMask = 2147483647;
			files = (
				65C6821A2585E334003160F0 /* VideosViewController.swift in Sources */,
				650371F8257AD2B700F59D95 /* BetEntryCellViewModel.swift in Sources */,
				654AC028257740A900AEBADF /* NewBetViewModel.swift in Sources */,
				65C237FD256EF82B001EA95D /* NewBetViewController.swift in Sources */,
				6535F503256F479F00C5FC72 /* BetEntryCell.swift in Sources */,
				65F69D98257B2EFF00CE7371 /* DateEntryCell.swift in Sources */,
				65C682112585E2AE003160F0 /* FriendsViewModel.swift in Sources */,
				65D34C20252CF494005C6F98 /* BetsViewController.swift in Sources */,
				65B13FFA258AB41F0004FFCB /* FriendDetailViewController.swift in Sources */,
				6537BC372583138200880C2B /* UserDetailEntryViewModel.swift in Sources */,
				6563F92525843F3F00DE69EC /* ProfileViewController.swift in Sources */,
				65578765256DD33600FC23FC /* FriendsCoordinator.swift in Sources */,
				65FD451A2581D94100481F50 /* CurrentUser.swift in Sources */,
				65989AE92592B660007FFBBA /* MessageCellViewModel.swift in Sources */,
				65E947F62589791200A71365 /* BetsTableDataSource.swift in Sources */,
				65C681FA2585E022003160F0 /* BetsViewModel.swift in Sources */,
				65E6F787256C5A2400252974 /* ProfileCoordinator.swift in Sources */,
				65E9484A2589E44900A71365 /* FriendCellViewModel.swift in Sources */,
				65FBCBC1253257CE00227121 /* BetDetailViewController.swift in Sources */,
				656D9450252BF5FE00EDEB7F /* WelcomeViewController.swift in Sources */,
				65B14006258AB7760004FFCB /* FriendDetailViewModel.swift in Sources */,
				65FCE6ED256B35530066BDC5 /* MainTabBarController.swift in Sources */,
				65FD45222581EDE900481F50 /* FullFriend.swift in Sources */,
				650E7AD925A3F54C00D5F081 /* FirestoreHelping.swift in Sources */,
				6537BC272583054200880C2B /* WelcomeViewModel.swift in Sources */,
				65C23805256EFAA3001EA95D /* HairlineView.swift in Sources */,
				65B3D7BE258C766F008F274A /* InviteCell.swift in Sources */,
				65C6E3FB257EE30F00EA7AA4 /* UITextField+DoneToolbar.swift in Sources */,
				6557876D256DD45200FC23FC /* NewBetsCoordinator.swift in Sources */,
				657D95AD25929AC20065187A /* Tab.swift in Sources */,
				65578772256DD4BC00FC23FC /* VideosCoordinator.swift in Sources */,
				650E7ADF25A4033600D5F081 /* MockFirestoreHelper.swift in Sources */,
				6511DCAD258AE6350009A9F6 /* FriendSnippet.swift in Sources */,
				65F69D8E257B2D5000CE7371 /* UITextField+InputView.swift in Sources */,
				659DCB76252E9AD3009D330E /* Constants.swift in Sources */,
				6537BC312583135200880C2B /* UserDetailEntryViewController.swift in Sources */,
				6536EF1025AE7966008AF0F1 /* TestingData.swift in Sources */,
				65C682202585E356003160F0 /* VideosViewModel.swift in Sources */,
				65BBCD14258F3D7A004BBB40 /* PendingBetsViewModel.swift in Sources */,
				656D944C252BF5FE00EDEB7F /* AppDelegate.swift in Sources */,
				6533F266256859C5002524B3 /* ParentCoordinating.swift in Sources */,
				65D6ECAE258B354A00E0A720 /* Friend.swift in Sources */,
				65EBC1132586FD58009FE754 /* BetCellViewModel.swift in Sources */,
				6563F92B25843FCF00DE69EC /* ProfileViewModel.swift in Sources */,
				65E948442589E43900A71365 /* FriendCell.swift in Sources */,
				65650A402568709900812395 /* ChildCoordinating.swift in Sources */,
				65D18DAD258053EC00E562C1 /* Drinks.swift in Sources */,
				65543D0A25772B7100B8C549 /* StakeEntryCell.swift in Sources */,
				658F11262532747F003B6303 /* MessageCell.swift in Sources */,
				65C6E400257EE5AC00EA7AA4 /* UIViewController+DismissKeyboard.swift in Sources */,
				65650A3B25686C6E00812395 /* MainCoordinator.swift in Sources */,
				659DCB6D252E9A57009D330E /* BetCell.swift in Sources */,
				65E948282589A4C800A71365 /* AddFriendViewController.swift in Sources */,
				65C97625256C4EF800AA46BA /* BetsCoordinator.swift in Sources */,
				65D18D972580266F00E562C1 /* BetDetailViewModel.swift in Sources */,
				658F112F25327B2C003B6303 /* Message.swift in Sources */,
				65C6E409257F408600EA7AA4 /* FirestoreHelper.swift in Sources */,
				6537BC462583145200880C2B /* UserDetailEntryCellViewModel.swift in Sources */,
				656D944E252BF5FE00EDEB7F /* SceneDelegate.swift in Sources */,
				65F4029B252EA103007892F8 /* Bet.swift in Sources */,
				65FCE6DF2569BB930066BDC5 /* User.swift in Sources */,
				65C6820B2585E29D003160F0 /* FriendsViewController.swift in Sources */,
				65B3D7AB258C6C6C008F274A /* FriendInviteViewController.swift in Sources */,
				65E9482E2589A4E200A71365 /* AddFriendViewModel.swift in Sources */,
				6537BC3D2583143700880C2B /* UserDetailEntryCell.swift in Sources */,
				65BBCD0B258F3D66004BBB40 /* PendingBetsViewController.swift in Sources */,
				65FF28DC258D629100F0BB66 /* FriendInviteDataSource.swift in Sources */,
				65B3D7B1258C6C9A008F274A /* FriendInviteViewModel.swift in Sources */,
				65B3D7C4258C7677008F274A /* InviteCellViewModel.swift in Sources */,
				653AFE3C2591BA240033614F /* ProfileTableDataSource.swift in Sources */,
			);
			runOnlyForDeploymentPostprocessing = 0;
		};
		656D945D252BF60100EDEB7F /* Sources */ = {
			isa = PBXSourcesBuildPhase;
			buildActionMask = 2147483647;
			files = (
				6536EF0625AD3CFD008AF0F1 /* BetCellViewModelTests.swift in Sources */,
				6589D59725A53D5200D2E666 /* UserDetailEntryViewModelTests.swift in Sources */,
				657F169D25AED63A00D5C500 /* AddFriendViewModelTests.swift in Sources */,
				656ABCEE25A691AF00EA38A1 /* BetDetailViewModelTests.swift in Sources */,
				65CA8D7525A9233200E11E5B /* MessageCellViewModelTests.swift in Sources */,
				6536EF1525AE7DB3008AF0F1 /* FriendsViewModelTests.swift in Sources */,
				6536EF0B25AE6970008AF0F1 /* PendingBetsViewModelTests.swift in Sources */,
				656D9466252BF60100EDEB7F /* CHUGGRTests.swift in Sources */,
				65AF9BE32585995800FA96F2 /* BetModelTests.swift in Sources */,
				65CA8D7A25A93A3100E11E5B /* BetsViewModelTests.swift in Sources */,
				657F16A225AFC7C100D5C500 /* FriendDetailViewModelTests.swift in Sources */,
				65CA8D7025A9195000E11E5B /* WelcomeViewModelTests.swift in Sources */,
			);
			runOnlyForDeploymentPostprocessing = 0;
		};
		656D9468252BF60100EDEB7F /* Sources */ = {
			isa = PBXSourcesBuildPhase;
			buildActionMask = 2147483647;
			files = (
				656D9471252BF60100EDEB7F /* CHUGGRUITests.swift in Sources */,
			);
			runOnlyForDeploymentPostprocessing = 0;
		};
/* End PBXSourcesBuildPhase section */

/* Begin PBXTargetDependency section */
		656D9463252BF60100EDEB7F /* PBXTargetDependency */ = {
			isa = PBXTargetDependency;
			target = 656D9447252BF5FE00EDEB7F /* CHUGGR */;
			targetProxy = 656D9462252BF60100EDEB7F /* PBXContainerItemProxy */;
		};
		656D946E252BF60100EDEB7F /* PBXTargetDependency */ = {
			isa = PBXTargetDependency;
			target = 656D9447252BF5FE00EDEB7F /* CHUGGR */;
			targetProxy = 656D946D252BF60100EDEB7F /* PBXContainerItemProxy */;
		};
/* End PBXTargetDependency section */

/* Begin PBXVariantGroup section */
		656D9459252BF60100EDEB7F /* LaunchScreen.storyboard */ = {
			isa = PBXVariantGroup;
			children = (
				656D945A252BF60100EDEB7F /* Base */,
			);
			name = LaunchScreen.storyboard;
			sourceTree = "<group>";
		};
/* End PBXVariantGroup section */

/* Begin XCBuildConfiguration section */
		656D9473252BF60100EDEB7F /* Debug */ = {
			isa = XCBuildConfiguration;
			buildSettings = {
				ALWAYS_SEARCH_USER_PATHS = NO;
				CLANG_ANALYZER_NONNULL = YES;
				CLANG_ANALYZER_NUMBER_OBJECT_CONVERSION = YES_AGGRESSIVE;
				CLANG_CXX_LANGUAGE_STANDARD = "gnu++14";
				CLANG_CXX_LIBRARY = "libc++";
				CLANG_ENABLE_MODULES = YES;
				CLANG_ENABLE_OBJC_ARC = YES;
				CLANG_ENABLE_OBJC_WEAK = YES;
				CLANG_WARN_BLOCK_CAPTURE_AUTORELEASING = YES;
				CLANG_WARN_BOOL_CONVERSION = YES;
				CLANG_WARN_COMMA = YES;
				CLANG_WARN_CONSTANT_CONVERSION = YES;
				CLANG_WARN_DEPRECATED_OBJC_IMPLEMENTATIONS = YES;
				CLANG_WARN_DIRECT_OBJC_ISA_USAGE = YES_ERROR;
				CLANG_WARN_DOCUMENTATION_COMMENTS = YES;
				CLANG_WARN_EMPTY_BODY = YES;
				CLANG_WARN_ENUM_CONVERSION = YES;
				CLANG_WARN_INFINITE_RECURSION = YES;
				CLANG_WARN_INT_CONVERSION = YES;
				CLANG_WARN_NON_LITERAL_NULL_CONVERSION = YES;
				CLANG_WARN_OBJC_IMPLICIT_RETAIN_SELF = YES;
				CLANG_WARN_OBJC_LITERAL_CONVERSION = YES;
				CLANG_WARN_OBJC_ROOT_CLASS = YES_ERROR;
				CLANG_WARN_QUOTED_INCLUDE_IN_FRAMEWORK_HEADER = YES;
				CLANG_WARN_RANGE_LOOP_ANALYSIS = YES;
				CLANG_WARN_STRICT_PROTOTYPES = YES;
				CLANG_WARN_SUSPICIOUS_MOVE = YES;
				CLANG_WARN_UNGUARDED_AVAILABILITY = YES_AGGRESSIVE;
				CLANG_WARN_UNREACHABLE_CODE = YES;
				CLANG_WARN__DUPLICATE_METHOD_MATCH = YES;
				COPY_PHASE_STRIP = NO;
				DEBUG_INFORMATION_FORMAT = dwarf;
				ENABLE_STRICT_OBJC_MSGSEND = YES;
				ENABLE_TESTABILITY = YES;
				GCC_C_LANGUAGE_STANDARD = gnu11;
				GCC_DYNAMIC_NO_PIC = NO;
				GCC_NO_COMMON_BLOCKS = YES;
				GCC_OPTIMIZATION_LEVEL = 0;
				GCC_PREPROCESSOR_DEFINITIONS = (
					"DEBUG=1",
					"$(inherited)",
				);
				GCC_WARN_64_TO_32_BIT_CONVERSION = YES;
				GCC_WARN_ABOUT_RETURN_TYPE = YES_ERROR;
				GCC_WARN_UNDECLARED_SELECTOR = YES;
				GCC_WARN_UNINITIALIZED_AUTOS = YES_AGGRESSIVE;
				GCC_WARN_UNUSED_FUNCTION = YES;
				GCC_WARN_UNUSED_VARIABLE = YES;
				IPHONEOS_DEPLOYMENT_TARGET = 14.0;
				MTL_ENABLE_DEBUG_INFO = INCLUDE_SOURCE;
				MTL_FAST_MATH = YES;
				ONLY_ACTIVE_ARCH = YES;
				SDKROOT = iphoneos;
				SWIFT_ACTIVE_COMPILATION_CONDITIONS = DEBUG;
				SWIFT_OPTIMIZATION_LEVEL = "-Onone";
			};
			name = Debug;
		};
		656D9474252BF60100EDEB7F /* Release */ = {
			isa = XCBuildConfiguration;
			buildSettings = {
				ALWAYS_SEARCH_USER_PATHS = NO;
				CLANG_ANALYZER_NONNULL = YES;
				CLANG_ANALYZER_NUMBER_OBJECT_CONVERSION = YES_AGGRESSIVE;
				CLANG_CXX_LANGUAGE_STANDARD = "gnu++14";
				CLANG_CXX_LIBRARY = "libc++";
				CLANG_ENABLE_MODULES = YES;
				CLANG_ENABLE_OBJC_ARC = YES;
				CLANG_ENABLE_OBJC_WEAK = YES;
				CLANG_WARN_BLOCK_CAPTURE_AUTORELEASING = YES;
				CLANG_WARN_BOOL_CONVERSION = YES;
				CLANG_WARN_COMMA = YES;
				CLANG_WARN_CONSTANT_CONVERSION = YES;
				CLANG_WARN_DEPRECATED_OBJC_IMPLEMENTATIONS = YES;
				CLANG_WARN_DIRECT_OBJC_ISA_USAGE = YES_ERROR;
				CLANG_WARN_DOCUMENTATION_COMMENTS = YES;
				CLANG_WARN_EMPTY_BODY = YES;
				CLANG_WARN_ENUM_CONVERSION = YES;
				CLANG_WARN_INFINITE_RECURSION = YES;
				CLANG_WARN_INT_CONVERSION = YES;
				CLANG_WARN_NON_LITERAL_NULL_CONVERSION = YES;
				CLANG_WARN_OBJC_IMPLICIT_RETAIN_SELF = YES;
				CLANG_WARN_OBJC_LITERAL_CONVERSION = YES;
				CLANG_WARN_OBJC_ROOT_CLASS = YES_ERROR;
				CLANG_WARN_QUOTED_INCLUDE_IN_FRAMEWORK_HEADER = YES;
				CLANG_WARN_RANGE_LOOP_ANALYSIS = YES;
				CLANG_WARN_STRICT_PROTOTYPES = YES;
				CLANG_WARN_SUSPICIOUS_MOVE = YES;
				CLANG_WARN_UNGUARDED_AVAILABILITY = YES_AGGRESSIVE;
				CLANG_WARN_UNREACHABLE_CODE = YES;
				CLANG_WARN__DUPLICATE_METHOD_MATCH = YES;
				COPY_PHASE_STRIP = NO;
				DEBUG_INFORMATION_FORMAT = "dwarf-with-dsym";
				ENABLE_NS_ASSERTIONS = NO;
				ENABLE_STRICT_OBJC_MSGSEND = YES;
				GCC_C_LANGUAGE_STANDARD = gnu11;
				GCC_NO_COMMON_BLOCKS = YES;
				GCC_WARN_64_TO_32_BIT_CONVERSION = YES;
				GCC_WARN_ABOUT_RETURN_TYPE = YES_ERROR;
				GCC_WARN_UNDECLARED_SELECTOR = YES;
				GCC_WARN_UNINITIALIZED_AUTOS = YES_AGGRESSIVE;
				GCC_WARN_UNUSED_FUNCTION = YES;
				GCC_WARN_UNUSED_VARIABLE = YES;
				IPHONEOS_DEPLOYMENT_TARGET = 14.0;
				MTL_ENABLE_DEBUG_INFO = NO;
				MTL_FAST_MATH = YES;
				ONLY_ACTIVE_ARCH = YES;
				SDKROOT = iphoneos;
				SWIFT_COMPILATION_MODE = wholemodule;
				SWIFT_OPTIMIZATION_LEVEL = "-O";
				VALIDATE_PRODUCT = YES;
			};
			name = Release;
		};
		656D9476252BF60100EDEB7F /* Debug */ = {
			isa = XCBuildConfiguration;
			baseConfigurationReference = ED0637931D156551F497E941 /* Pods-CHUGGR.debug.xcconfig */;
			buildSettings = {
				ASSETCATALOG_COMPILER_APPICON_NAME = AppIcon;
				ASSETCATALOG_COMPILER_GLOBAL_ACCENT_COLOR_NAME = AccentColor;
				CODE_SIGN_STYLE = Automatic;
				DEVELOPMENT_TEAM = 33755HM6BY;
				INFOPLIST_FILE = CHUGGR/Info.plist;
				IPHONEOS_DEPLOYMENT_TARGET = 13.6;
				LD_RUNPATH_SEARCH_PATHS = (
					"$(inherited)",
					"@executable_path/Frameworks",
				);
				PRODUCT_BUNDLE_IDENTIFIER = com.bldrkt.CHUGGR;
				PRODUCT_NAME = "$(TARGET_NAME)";
				SWIFT_VERSION = 5.0;
				TARGETED_DEVICE_FAMILY = 1;
			};
			name = Debug;
		};
		656D9477252BF60100EDEB7F /* Release */ = {
			isa = XCBuildConfiguration;
			baseConfigurationReference = 5CE5F6A2FF71B1062949620C /* Pods-CHUGGR.release.xcconfig */;
			buildSettings = {
				ASSETCATALOG_COMPILER_APPICON_NAME = AppIcon;
				ASSETCATALOG_COMPILER_GLOBAL_ACCENT_COLOR_NAME = AccentColor;
				CODE_SIGN_STYLE = Automatic;
				DEVELOPMENT_TEAM = 33755HM6BY;
				INFOPLIST_FILE = CHUGGR/Info.plist;
				IPHONEOS_DEPLOYMENT_TARGET = 13.6;
				LD_RUNPATH_SEARCH_PATHS = (
					"$(inherited)",
					"@executable_path/Frameworks",
				);
				PRODUCT_BUNDLE_IDENTIFIER = com.bldrkt.CHUGGR;
				PRODUCT_NAME = "$(TARGET_NAME)";
				SWIFT_VERSION = 5.0;
				TARGETED_DEVICE_FAMILY = 1;
			};
			name = Release;
		};
		656D9479252BF60100EDEB7F /* Debug */ = {
			isa = XCBuildConfiguration;
			baseConfigurationReference = 8FDFF6DA5BA3C750B95B493E /* Pods-CHUGGRTests.debug.xcconfig */;
			buildSettings = {
				ALWAYS_EMBED_SWIFT_STANDARD_LIBRARIES = YES;
				BUNDLE_LOADER = "$(TEST_HOST)";
				CODE_SIGN_STYLE = Automatic;
				DEVELOPMENT_TEAM = 33755HM6BY;
				INFOPLIST_FILE = CHUGGRTests/Info.plist;
				IPHONEOS_DEPLOYMENT_TARGET = 14.0;
				LD_RUNPATH_SEARCH_PATHS = (
					"$(inherited)",
					"@executable_path/Frameworks",
					"@loader_path/Frameworks",
				);
				PRODUCT_BUNDLE_IDENTIFIER = com.bldrkt.CHUGGRTests;
				PRODUCT_NAME = "$(TARGET_NAME)";
				SWIFT_ACTIVE_COMPILATION_CONDITIONS = DEBUG;
				SWIFT_VERSION = 5.0;
				TARGETED_DEVICE_FAMILY = "1,2";
				TEST_HOST = "$(BUILT_PRODUCTS_DIR)/CHUGGR.app/CHUGGR";
			};
			name = Debug;
		};
		656D947A252BF60100EDEB7F /* Release */ = {
			isa = XCBuildConfiguration;
			baseConfigurationReference = ADAA051009240AC810ABE037 /* Pods-CHUGGRTests.release.xcconfig */;
			buildSettings = {
				ALWAYS_EMBED_SWIFT_STANDARD_LIBRARIES = YES;
				BUNDLE_LOADER = "$(TEST_HOST)";
				CODE_SIGN_STYLE = Automatic;
				DEVELOPMENT_TEAM = 33755HM6BY;
				INFOPLIST_FILE = CHUGGRTests/Info.plist;
				IPHONEOS_DEPLOYMENT_TARGET = 14.0;
				LD_RUNPATH_SEARCH_PATHS = (
					"$(inherited)",
					"@executable_path/Frameworks",
					"@loader_path/Frameworks",
				);
				PRODUCT_BUNDLE_IDENTIFIER = com.bldrkt.CHUGGRTests;
				PRODUCT_NAME = "$(TARGET_NAME)";
				SWIFT_VERSION = 5.0;
				TARGETED_DEVICE_FAMILY = "1,2";
				TEST_HOST = "$(BUILT_PRODUCTS_DIR)/CHUGGR.app/CHUGGR";
			};
			name = Release;
		};
		656D947C252BF60100EDEB7F /* Debug */ = {
			isa = XCBuildConfiguration;
			baseConfigurationReference = E87B1CFB874953D97C2EDFBC /* Pods-CHUGGR-CHUGGRUITests.debug.xcconfig */;
			buildSettings = {
				ALWAYS_EMBED_SWIFT_STANDARD_LIBRARIES = YES;
				CODE_SIGN_STYLE = Automatic;
				DEVELOPMENT_TEAM = 33755HM6BY;
				INFOPLIST_FILE = CHUGGRUITests/Info.plist;
				LD_RUNPATH_SEARCH_PATHS = (
					"$(inherited)",
					"@executable_path/Frameworks",
					"@loader_path/Frameworks",
				);
				PRODUCT_BUNDLE_IDENTIFIER = com.bldrkt.CHUGGRUITests;
				PRODUCT_NAME = "$(TARGET_NAME)";
				SWIFT_VERSION = 5.0;
				TARGETED_DEVICE_FAMILY = "1,2";
				TEST_TARGET_NAME = CHUGGR;
			};
			name = Debug;
		};
		656D947D252BF60100EDEB7F /* Release */ = {
			isa = XCBuildConfiguration;
			baseConfigurationReference = F886D0D1EE88654B889AB33C /* Pods-CHUGGR-CHUGGRUITests.release.xcconfig */;
			buildSettings = {
				ALWAYS_EMBED_SWIFT_STANDARD_LIBRARIES = YES;
				CODE_SIGN_STYLE = Automatic;
				DEVELOPMENT_TEAM = 33755HM6BY;
				INFOPLIST_FILE = CHUGGRUITests/Info.plist;
				LD_RUNPATH_SEARCH_PATHS = (
					"$(inherited)",
					"@executable_path/Frameworks",
					"@loader_path/Frameworks",
				);
				PRODUCT_BUNDLE_IDENTIFIER = com.bldrkt.CHUGGRUITests;
				PRODUCT_NAME = "$(TARGET_NAME)";
				SWIFT_VERSION = 5.0;
				TARGETED_DEVICE_FAMILY = "1,2";
				TEST_TARGET_NAME = CHUGGR;
			};
			name = Release;
		};
/* End XCBuildConfiguration section */

/* Begin XCConfigurationList section */
		656D9443252BF5FE00EDEB7F /* Build configuration list for PBXProject "CHUGGR" */ = {
			isa = XCConfigurationList;
			buildConfigurations = (
				656D9473252BF60100EDEB7F /* Debug */,
				656D9474252BF60100EDEB7F /* Release */,
			);
			defaultConfigurationIsVisible = 0;
			defaultConfigurationName = Release;
		};
		656D9475252BF60100EDEB7F /* Build configuration list for PBXNativeTarget "CHUGGR" */ = {
			isa = XCConfigurationList;
			buildConfigurations = (
				656D9476252BF60100EDEB7F /* Debug */,
				656D9477252BF60100EDEB7F /* Release */,
			);
			defaultConfigurationIsVisible = 0;
			defaultConfigurationName = Release;
		};
		656D9478252BF60100EDEB7F /* Build configuration list for PBXNativeTarget "CHUGGRTests" */ = {
			isa = XCConfigurationList;
			buildConfigurations = (
				656D9479252BF60100EDEB7F /* Debug */,
				656D947A252BF60100EDEB7F /* Release */,
			);
			defaultConfigurationIsVisible = 0;
			defaultConfigurationName = Release;
		};
		656D947B252BF60100EDEB7F /* Build configuration list for PBXNativeTarget "CHUGGRUITests" */ = {
			isa = XCConfigurationList;
			buildConfigurations = (
				656D947C252BF60100EDEB7F /* Debug */,
				656D947D252BF60100EDEB7F /* Release */,
			);
			defaultConfigurationIsVisible = 0;
			defaultConfigurationName = Release;
		};
/* End XCConfigurationList section */
	};
	rootObject = 656D9440252BF5FE00EDEB7F /* Project object */;
}
